// !$*UTF8*$!
{
	archiveVersion = 1;
	classes = {
	};
	objectVersion = 55;
	objects = {

/* Begin PBXBuildFile section */
		0715542328C6781B00E8877B /* DashboardViewDomain.swift in Sources */ = {isa = PBXBuildFile; fileRef = 0715542228C6781B00E8877B /* DashboardViewDomain.swift */; };
		0715542728C6785600E8877B /* DashboardState.swift in Sources */ = {isa = PBXBuildFile; fileRef = 0715542628C6785600E8877B /* DashboardState.swift */; };
		0715542928C6786E00E8877B /* DashboardAction.swift in Sources */ = {isa = PBXBuildFile; fileRef = 0715542828C6786E00E8877B /* DashboardAction.swift */; };
		0715542B28C6787900E8877B /* DashboardEnvironment.swift in Sources */ = {isa = PBXBuildFile; fileRef = 0715542A28C6787900E8877B /* DashboardEnvironment.swift */; };
		0715542D28C6788200E8877B /* DashboardReducer.swift in Sources */ = {isa = PBXBuildFile; fileRef = 0715542C28C6788200E8877B /* DashboardReducer.swift */; };
		071ABEF228CBB90600E769E8 /* SafariView.swift in Sources */ = {isa = PBXBuildFile; fileRef = 071ABEF128CBB90600E769E8 /* SafariView.swift */; };
		071ABEF528CBBA3D00E769E8 /* Color+customColor.swift in Sources */ = {isa = PBXBuildFile; fileRef = 071ABEF428CBBA3D00E769E8 /* Color+customColor.swift */; };
		071ABEF828CBD33800E769E8 /* StorageState.swift in Sources */ = {isa = PBXBuildFile; fileRef = 071ABEF728CBD33800E769E8 /* StorageState.swift */; };
		071ABEFA28CBD34100E769E8 /* StorageAction.swift in Sources */ = {isa = PBXBuildFile; fileRef = 071ABEF928CBD34100E769E8 /* StorageAction.swift */; };
		071ABEFC28CBD34C00E769E8 /* StorageEnvironment.swift in Sources */ = {isa = PBXBuildFile; fileRef = 071ABEFB28CBD34C00E769E8 /* StorageEnvironment.swift */; };
		071ABEFE28CBD35500E769E8 /* StorageReducer.swift in Sources */ = {isa = PBXBuildFile; fileRef = 071ABEFD28CBD35500E769E8 /* StorageReducer.swift */; };
		071ABF0128CBD4C400E769E8 /* StorageDomainView.swift in Sources */ = {isa = PBXBuildFile; fileRef = 071ABF0028CBD4C400E769E8 /* StorageDomainView.swift */; };
		071ABF0428CD11F200E769E8 /* Drugs.swift in Sources */ = {isa = PBXBuildFile; fileRef = 071ABF0328CD11F200E769E8 /* Drugs.swift */; };
		071ABF0628CD120B00E769E8 /* Departments.swift in Sources */ = {isa = PBXBuildFile; fileRef = 071ABF0528CD120B00E769E8 /* Departments.swift */; };
		071ABF0A28CD224700E769E8 /* DrugState.swift in Sources */ = {isa = PBXBuildFile; fileRef = 071ABF0928CD224700E769E8 /* DrugState.swift */; };
		071ABF0C28CD224F00E769E8 /* DrugAction.swift in Sources */ = {isa = PBXBuildFile; fileRef = 071ABF0B28CD224F00E769E8 /* DrugAction.swift */; };
		071ABF0E28CD225800E769E8 /* DrugEnvironment.swift in Sources */ = {isa = PBXBuildFile; fileRef = 071ABF0D28CD225800E769E8 /* DrugEnvironment.swift */; };
		071ABF1028CD226300E769E8 /* DrugReducer.swift in Sources */ = {isa = PBXBuildFile; fileRef = 071ABF0F28CD226300E769E8 /* DrugReducer.swift */; };
		071ABF1228CD267C00E769E8 /* DrugDomainView.swift in Sources */ = {isa = PBXBuildFile; fileRef = 071ABF1128CD267C00E769E8 /* DrugDomainView.swift */; };
		0727E37A28CBB892009020DD /* GoogleService-Info.plist in Resources */ = {isa = PBXBuildFile; fileRef = 0727E37928CBB892009020DD /* GoogleService-Info.plist */; };
		CEB5AD1F28CA0A2400579BAB /* ComposableArchitecture in Frameworks */ = {isa = PBXBuildFile; productRef = CEB5AD1E28CA0A2400579BAB /* ComposableArchitecture */; };
		CEB5AD2428CA0CB700579BAB /* FirebaseAnalytics in Frameworks */ = {isa = PBXBuildFile; productRef = CEB5AD2328CA0CB700579BAB /* FirebaseAnalytics */; };
		CEB5AD2628CA0CB700579BAB /* FirebaseDatabase in Frameworks */ = {isa = PBXBuildFile; productRef = CEB5AD2528CA0CB700579BAB /* FirebaseDatabase */; };
		CEB5AD2828CA0CB700579BAB /* FirebaseStorage in Frameworks */ = {isa = PBXBuildFile; productRef = CEB5AD2728CA0CB700579BAB /* FirebaseStorage */; };
		CEB5AD2A28CA0DF700579BAB /* APIManager.swift in Sources */ = {isa = PBXBuildFile; fileRef = CEB5AD2928CA0DF700579BAB /* APIManager.swift */; };
		CEB5AD2D28CA100700579BAB /* FirebaseFirestore in Frameworks */ = {isa = PBXBuildFile; productRef = CEB5AD2C28CA100700579BAB /* FirebaseFirestore */; };
		CEB5AD2F28CA100700579BAB /* FirebaseFirestoreCombine-Community in Frameworks */ = {isa = PBXBuildFile; productRef = CEB5AD2E28CA100700579BAB /* FirebaseFirestoreCombine-Community */; };
		CEBC21DB28C4C92700C06630 /* PharmacyApp.swift in Sources */ = {isa = PBXBuildFile; fileRef = CEBC21DA28C4C92700C06630 /* PharmacyApp.swift */; };
		CEBC21DF28C4C92900C06630 /* Assets.xcassets in Resources */ = {isa = PBXBuildFile; fileRef = CEBC21DE28C4C92900C06630 /* Assets.xcassets */; };
		CEBC21E228C4C92900C06630 /* Preview Assets.xcassets in Resources */ = {isa = PBXBuildFile; fileRef = CEBC21E128C4C92900C06630 /* Preview Assets.xcassets */; };
		CEBC21F528C9D1AC00C06630 /* AppDelegate.swift in Sources */ = {isa = PBXBuildFile; fileRef = CEBC21F428C9D1AC00C06630 /* AppDelegate.swift */; };
		CEBC21F928C9D87400C06630 /* WebApplicationDomainView.swift in Sources */ = {isa = PBXBuildFile; fileRef = CEBC21F828C9D87400C06630 /* WebApplicationDomainView.swift */; };
		CEBC21FC28C9D8CE00C06630 /* WebApplicationState.swift in Sources */ = {isa = PBXBuildFile; fileRef = CEBC21FB28C9D8CE00C06630 /* WebApplicationState.swift */; };
		CEBC21FE28C9D8E900C06630 /* WebApplicationAction.swift in Sources */ = {isa = PBXBuildFile; fileRef = CEBC21FD28C9D8E900C06630 /* WebApplicationAction.swift */; };
		CEBC220028C9D8FF00C06630 /* WebApplicationEnvironment.swift in Sources */ = {isa = PBXBuildFile; fileRef = CEBC21FF28C9D8FF00C06630 /* WebApplicationEnvironment.swift */; };
		CEBC220228C9D92F00C06630 /* WebApplicationReducer.swift in Sources */ = {isa = PBXBuildFile; fileRef = CEBC220128C9D92F00C06630 /* WebApplicationReducer.swift */; };
/* End PBXBuildFile section */

/* Begin PBXFileReference section */
		0715542228C6781B00E8877B /* DashboardViewDomain.swift */ = {isa = PBXFileReference; lastKnownFileType = sourcecode.swift; path = DashboardViewDomain.swift; sourceTree = "<group>"; };
		0715542628C6785600E8877B /* DashboardState.swift */ = {isa = PBXFileReference; lastKnownFileType = sourcecode.swift; path = DashboardState.swift; sourceTree = "<group>"; };
		0715542828C6786E00E8877B /* DashboardAction.swift */ = {isa = PBXFileReference; lastKnownFileType = sourcecode.swift; path = DashboardAction.swift; sourceTree = "<group>"; };
		0715542A28C6787900E8877B /* DashboardEnvironment.swift */ = {isa = PBXFileReference; lastKnownFileType = sourcecode.swift; path = DashboardEnvironment.swift; sourceTree = "<group>"; };
		0715542C28C6788200E8877B /* DashboardReducer.swift */ = {isa = PBXFileReference; lastKnownFileType = sourcecode.swift; path = DashboardReducer.swift; sourceTree = "<group>"; };
		071ABEF128CBB90600E769E8 /* SafariView.swift */ = {isa = PBXFileReference; lastKnownFileType = sourcecode.swift; path = SafariView.swift; sourceTree = "<group>"; };
		071ABEF428CBBA3D00E769E8 /* Color+customColor.swift */ = {isa = PBXFileReference; lastKnownFileType = sourcecode.swift; path = "Color+customColor.swift"; sourceTree = "<group>"; };
		071ABEF728CBD33800E769E8 /* StorageState.swift */ = {isa = PBXFileReference; lastKnownFileType = sourcecode.swift; path = StorageState.swift; sourceTree = "<group>"; };
		071ABEF928CBD34100E769E8 /* StorageAction.swift */ = {isa = PBXFileReference; lastKnownFileType = sourcecode.swift; path = StorageAction.swift; sourceTree = "<group>"; };
		071ABEFB28CBD34C00E769E8 /* StorageEnvironment.swift */ = {isa = PBXFileReference; lastKnownFileType = sourcecode.swift; path = StorageEnvironment.swift; sourceTree = "<group>"; };
		071ABEFD28CBD35500E769E8 /* StorageReducer.swift */ = {isa = PBXFileReference; lastKnownFileType = sourcecode.swift; path = StorageReducer.swift; sourceTree = "<group>"; };
		071ABF0028CBD4C400E769E8 /* StorageDomainView.swift */ = {isa = PBXFileReference; lastKnownFileType = sourcecode.swift; path = StorageDomainView.swift; sourceTree = "<group>"; };
		071ABF0328CD11F200E769E8 /* Drugs.swift */ = {isa = PBXFileReference; lastKnownFileType = sourcecode.swift; path = Drugs.swift; sourceTree = "<group>"; };
		071ABF0528CD120B00E769E8 /* Departments.swift */ = {isa = PBXFileReference; lastKnownFileType = sourcecode.swift; path = Departments.swift; sourceTree = "<group>"; };
		071ABF0728CD1C4800E769E8 /* Info.plist */ = {isa = PBXFileReference; lastKnownFileType = text.plist; path = Info.plist; sourceTree = "<group>"; };
		071ABF0928CD224700E769E8 /* DrugState.swift */ = {isa = PBXFileReference; lastKnownFileType = sourcecode.swift; path = DrugState.swift; sourceTree = "<group>"; };
		071ABF0B28CD224F00E769E8 /* DrugAction.swift */ = {isa = PBXFileReference; lastKnownFileType = sourcecode.swift; path = DrugAction.swift; sourceTree = "<group>"; };
		071ABF0D28CD225800E769E8 /* DrugEnvironment.swift */ = {isa = PBXFileReference; lastKnownFileType = sourcecode.swift; path = DrugEnvironment.swift; sourceTree = "<group>"; };
		071ABF0F28CD226300E769E8 /* DrugReducer.swift */ = {isa = PBXFileReference; lastKnownFileType = sourcecode.swift; path = DrugReducer.swift; sourceTree = "<group>"; };
		071ABF1128CD267C00E769E8 /* DrugDomainView.swift */ = {isa = PBXFileReference; lastKnownFileType = sourcecode.swift; path = DrugDomainView.swift; sourceTree = "<group>"; };
		0727E37928CBB892009020DD /* GoogleService-Info.plist */ = {isa = PBXFileReference; fileEncoding = 4; lastKnownFileType = text.plist.xml; path = "GoogleService-Info.plist"; sourceTree = "<group>"; };
		CEB5AD2928CA0DF700579BAB /* APIManager.swift */ = {isa = PBXFileReference; lastKnownFileType = sourcecode.swift; path = APIManager.swift; sourceTree = "<group>"; };
		CEBC21D728C4C92700C06630 /* Pharmacy.app */ = {isa = PBXFileReference; explicitFileType = wrapper.application; includeInIndex = 0; path = Pharmacy.app; sourceTree = BUILT_PRODUCTS_DIR; };
		CEBC21DA28C4C92700C06630 /* PharmacyApp.swift */ = {isa = PBXFileReference; lastKnownFileType = sourcecode.swift; path = PharmacyApp.swift; sourceTree = "<group>"; };
		CEBC21DE28C4C92900C06630 /* Assets.xcassets */ = {isa = PBXFileReference; lastKnownFileType = folder.assetcatalog; path = Assets.xcassets; sourceTree = "<group>"; };
		CEBC21E128C4C92900C06630 /* Preview Assets.xcassets */ = {isa = PBXFileReference; lastKnownFileType = folder.assetcatalog; path = "Preview Assets.xcassets"; sourceTree = "<group>"; };
		CEBC21F428C9D1AC00C06630 /* AppDelegate.swift */ = {isa = PBXFileReference; lastKnownFileType = sourcecode.swift; path = AppDelegate.swift; sourceTree = "<group>"; };
		CEBC21F828C9D87400C06630 /* WebApplicationDomainView.swift */ = {isa = PBXFileReference; lastKnownFileType = sourcecode.swift; path = WebApplicationDomainView.swift; sourceTree = "<group>"; };
		CEBC21FB28C9D8CE00C06630 /* WebApplicationState.swift */ = {isa = PBXFileReference; lastKnownFileType = sourcecode.swift; path = WebApplicationState.swift; sourceTree = "<group>"; };
		CEBC21FD28C9D8E900C06630 /* WebApplicationAction.swift */ = {isa = PBXFileReference; lastKnownFileType = sourcecode.swift; path = WebApplicationAction.swift; sourceTree = "<group>"; };
		CEBC21FF28C9D8FF00C06630 /* WebApplicationEnvironment.swift */ = {isa = PBXFileReference; lastKnownFileType = sourcecode.swift; path = WebApplicationEnvironment.swift; sourceTree = "<group>"; };
		CEBC220128C9D92F00C06630 /* WebApplicationReducer.swift */ = {isa = PBXFileReference; lastKnownFileType = sourcecode.swift; path = WebApplicationReducer.swift; sourceTree = "<group>"; };
/* End PBXFileReference section */

/* Begin PBXFrameworksBuildPhase section */
		CEBC21D428C4C92700C06630 /* Frameworks */ = {
			isa = PBXFrameworksBuildPhase;
			buildActionMask = 2147483647;
			files = (
				CEB5AD2628CA0CB700579BAB /* FirebaseDatabase in Frameworks */,
				CEB5AD2828CA0CB700579BAB /* FirebaseStorage in Frameworks */,
				CEB5AD2428CA0CB700579BAB /* FirebaseAnalytics in Frameworks */,
				CEB5AD2F28CA100700579BAB /* FirebaseFirestoreCombine-Community in Frameworks */,
				CEB5AD2D28CA100700579BAB /* FirebaseFirestore in Frameworks */,
				CEB5AD1F28CA0A2400579BAB /* ComposableArchitecture in Frameworks */,
			);
			runOnlyForDeploymentPostprocessing = 0;
		};
/* End PBXFrameworksBuildPhase section */

/* Begin PBXGroup section */
		0715542028C677DB00E8877B /* DashboardDomain */ = {
			isa = PBXGroup;
			children = (
				0715542428C6781F00E8877B /* Views */,
				0715542628C6785600E8877B /* DashboardState.swift */,
				0715542828C6786E00E8877B /* DashboardAction.swift */,
				0715542A28C6787900E8877B /* DashboardEnvironment.swift */,
				0715542C28C6788200E8877B /* DashboardReducer.swift */,
			);
			path = DashboardDomain;
			sourceTree = "<group>";
		};
		0715542428C6781F00E8877B /* Views */ = {
			isa = PBXGroup;
			children = (
				0715542228C6781B00E8877B /* DashboardViewDomain.swift */,
			);
			path = Views;
			sourceTree = "<group>";
		};
		071ABEF328CBBA1F00E769E8 /* Extensions */ = {
			isa = PBXGroup;
			children = (
				071ABEF428CBBA3D00E769E8 /* Color+customColor.swift */,
			);
			path = Extensions;
			sourceTree = "<group>";
		};
		071ABEF628CBD32500E769E8 /* StorageDomain */ = {
			isa = PBXGroup;
			children = (
				071ABEFF28CBD4B400E769E8 /* Views */,
				071ABEF728CBD33800E769E8 /* StorageState.swift */,
				071ABEF928CBD34100E769E8 /* StorageAction.swift */,
				071ABEFB28CBD34C00E769E8 /* StorageEnvironment.swift */,
				071ABEFD28CBD35500E769E8 /* StorageReducer.swift */,
			);
			path = StorageDomain;
			sourceTree = "<group>";
		};
		071ABEFF28CBD4B400E769E8 /* Views */ = {
			isa = PBXGroup;
			children = (
				071ABF0028CBD4C400E769E8 /* StorageDomainView.swift */,
			);
			path = Views;
			sourceTree = "<group>";
		};
		071ABF0228CD11BD00E769E8 /* Models */ = {
			isa = PBXGroup;
			children = (
				071ABF0328CD11F200E769E8 /* Drugs.swift */,
				071ABF0528CD120B00E769E8 /* Departments.swift */,
			);
			path = Models;
			sourceTree = "<group>";
		};
		071ABF0828CD223200E769E8 /* DrugDomain */ = {
			isa = PBXGroup;
			children = (
				071ABF0928CD224700E769E8 /* DrugState.swift */,
				071ABF0B28CD224F00E769E8 /* DrugAction.swift */,
				071ABF0D28CD225800E769E8 /* DrugEnvironment.swift */,
				071ABF0F28CD226300E769E8 /* DrugReducer.swift */,
				071ABF1128CD267C00E769E8 /* DrugDomainView.swift */,
			);
			path = DrugDomain;
			sourceTree = "<group>";
		};
		CEB5AD1D28CA0A2400579BAB /* Frameworks */ = {
			isa = PBXGroup;
			children = (
			);
			name = Frameworks;
			sourceTree = "<group>";
		};
		CEBC21CE28C4C92700C06630 = {
			isa = PBXGroup;
			children = (
				CEBC21D928C4C92700C06630 /* Pharmacy */,
				CEBC21D828C4C92700C06630 /* Products */,
				CEB5AD1D28CA0A2400579BAB /* Frameworks */,
			);
			sourceTree = "<group>";
		};
		CEBC21D828C4C92700C06630 /* Products */ = {
			isa = PBXGroup;
			children = (
				CEBC21D728C4C92700C06630 /* Pharmacy.app */,
			);
			name = Products;
			sourceTree = "<group>";
		};
		CEBC21D928C4C92700C06630 /* Pharmacy */ = {
			isa = PBXGroup;
			children = (
				071ABF0828CD223200E769E8 /* DrugDomain */,
				071ABF0728CD1C4800E769E8 /* Info.plist */,
				071ABF0228CD11BD00E769E8 /* Models */,
				071ABEF628CBD32500E769E8 /* StorageDomain */,
				071ABEF328CBBA1F00E769E8 /* Extensions */,
				0727E37928CBB892009020DD /* GoogleService-Info.plist */,
				CEBC21FA28C9D87900C06630 /* WebApplicationDomain */,
				0715542028C677DB00E8877B /* DashboardDomain */,
				CEBC21DA28C4C92700C06630 /* PharmacyApp.swift */,
				CEBC21F428C9D1AC00C06630 /* AppDelegate.swift */,
				CEBC21DE28C4C92900C06630 /* Assets.xcassets */,
				CEBC21E028C4C92900C06630 /* Preview Content */,
				CEB5AD2928CA0DF700579BAB /* APIManager.swift */,
			);
			path = Pharmacy;
			sourceTree = "<group>";
		};
		CEBC21E028C4C92900C06630 /* Preview Content */ = {
			isa = PBXGroup;
			children = (
				CEBC21E128C4C92900C06630 /* Preview Assets.xcassets */,
			);
			path = "Preview Content";
			sourceTree = "<group>";
		};
		CEBC21FA28C9D87900C06630 /* WebApplicationDomain */ = {
			isa = PBXGroup;
			children = (
				CEBC220328C9DA2600C06630 /* Views */,
				CEBC21FB28C9D8CE00C06630 /* WebApplicationState.swift */,
				CEBC21FD28C9D8E900C06630 /* WebApplicationAction.swift */,
				CEBC21FF28C9D8FF00C06630 /* WebApplicationEnvironment.swift */,
				CEBC220128C9D92F00C06630 /* WebApplicationReducer.swift */,
			);
			path = WebApplicationDomain;
			sourceTree = "<group>";
		};
		CEBC220328C9DA2600C06630 /* Views */ = {
			isa = PBXGroup;
			children = (
				CEBC21F828C9D87400C06630 /* WebApplicationDomainView.swift */,
				071ABEF128CBB90600E769E8 /* SafariView.swift */,
			);
			path = Views;
			sourceTree = "<group>";
		};
/* End PBXGroup section */

/* Begin PBXNativeTarget section */
		CEBC21D628C4C92700C06630 /* Pharmacy */ = {
			isa = PBXNativeTarget;
			buildConfigurationList = CEBC21E528C4C92900C06630 /* Build configuration list for PBXNativeTarget "Pharmacy" */;
			buildPhases = (
				CEBC21D328C4C92700C06630 /* Sources */,
				CEBC21D428C4C92700C06630 /* Frameworks */,
				CEBC21D528C4C92700C06630 /* Resources */,
			);
			buildRules = (
			);
			dependencies = (
			);
			name = Pharmacy;
			packageProductDependencies = (
				CEB5AD1E28CA0A2400579BAB /* ComposableArchitecture */,
				CEB5AD2328CA0CB700579BAB /* FirebaseAnalytics */,
				CEB5AD2528CA0CB700579BAB /* FirebaseDatabase */,
				CEB5AD2728CA0CB700579BAB /* FirebaseStorage */,
				CEB5AD2C28CA100700579BAB /* FirebaseFirestore */,
				CEB5AD2E28CA100700579BAB /* FirebaseFirestoreCombine-Community */,
			);
			productName = Pharmacy;
			productReference = CEBC21D728C4C92700C06630 /* Pharmacy.app */;
			productType = "com.apple.product-type.application";
		};
/* End PBXNativeTarget section */

/* Begin PBXProject section */
		CEBC21CF28C4C92700C06630 /* Project object */ = {
			isa = PBXProject;
			attributes = {
				BuildIndependentTargetsInParallel = 1;
				LastSwiftUpdateCheck = 1340;
				LastUpgradeCheck = 1340;
				TargetAttributes = {
					CEBC21D628C4C92700C06630 = {
						CreatedOnToolsVersion = 13.4.1;
					};
				};
			};
			buildConfigurationList = CEBC21D228C4C92700C06630 /* Build configuration list for PBXProject "Pharmacy" */;
			compatibilityVersion = "Xcode 13.0";
			developmentRegion = en;
			hasScannedForEncodings = 0;
			knownRegions = (
				en,
				Base,
			);
			mainGroup = CEBC21CE28C4C92700C06630;
			packageReferences = (
				0715541D28C677CB00E8877B /* XCRemoteSwiftPackageReference "swift-composable-architecture" */,
				CEB5AD2228CA0CB700579BAB /* XCRemoteSwiftPackageReference "firebase-ios-sdk" */,
				CEB5AD2B28CA100700579BAB /* XCRemoteSwiftPackageReference "firebase-ios-sdk" */,
			);
			productRefGroup = CEBC21D828C4C92700C06630 /* Products */;
			projectDirPath = "";
			projectRoot = "";
			targets = (
				CEBC21D628C4C92700C06630 /* Pharmacy */,
			);
		};
/* End PBXProject section */

/* Begin PBXResourcesBuildPhase section */
		CEBC21D528C4C92700C06630 /* Resources */ = {
			isa = PBXResourcesBuildPhase;
			buildActionMask = 2147483647;
			files = (
				CEBC21E228C4C92900C06630 /* Preview Assets.xcassets in Resources */,
				0727E37A28CBB892009020DD /* GoogleService-Info.plist in Resources */,
				CEBC21DF28C4C92900C06630 /* Assets.xcassets in Resources */,
			);
			runOnlyForDeploymentPostprocessing = 0;
		};
/* End PBXResourcesBuildPhase section */

/* Begin PBXSourcesBuildPhase section */
		CEBC21D328C4C92700C06630 /* Sources */ = {
			isa = PBXSourcesBuildPhase;
			buildActionMask = 2147483647;
			files = (
				CEBC21FC28C9D8CE00C06630 /* WebApplicationState.swift in Sources */,
				CEBC21F528C9D1AC00C06630 /* AppDelegate.swift in Sources */,
				071ABF0128CBD4C400E769E8 /* StorageDomainView.swift in Sources */,
				CEBC220228C9D92F00C06630 /* WebApplicationReducer.swift in Sources */,
				071ABEF828CBD33800E769E8 /* StorageState.swift in Sources */,
				071ABEF228CBB90600E769E8 /* SafariView.swift in Sources */,
				CEBC21DB28C4C92700C06630 /* PharmacyApp.swift in Sources */,
				CEBC220028C9D8FF00C06630 /* WebApplicationEnvironment.swift in Sources */,
				071ABF0428CD11F200E769E8 /* Drugs.swift in Sources */,
				071ABF0628CD120B00E769E8 /* Departments.swift in Sources */,
				071ABEFC28CBD34C00E769E8 /* StorageEnvironment.swift in Sources */,
				071ABF0C28CD224F00E769E8 /* DrugAction.swift in Sources */,
				CEBC21FE28C9D8E900C06630 /* WebApplicationAction.swift in Sources */,
				0715542B28C6787900E8877B /* DashboardEnvironment.swift in Sources */,
				0715542328C6781B00E8877B /* DashboardViewDomain.swift in Sources */,
				0715542D28C6788200E8877B /* DashboardReducer.swift in Sources */,
				0715542928C6786E00E8877B /* DashboardAction.swift in Sources */,
				071ABEFE28CBD35500E769E8 /* StorageReducer.swift in Sources */,
				071ABF0E28CD225800E769E8 /* DrugEnvironment.swift in Sources */,
				071ABEF528CBBA3D00E769E8 /* Color+customColor.swift in Sources */,
				CEB5AD2A28CA0DF700579BAB /* APIManager.swift in Sources */,
				0715542728C6785600E8877B /* DashboardState.swift in Sources */,
				071ABF1028CD226300E769E8 /* DrugReducer.swift in Sources */,
				071ABF1228CD267C00E769E8 /* DrugDomainView.swift in Sources */,
				071ABF0A28CD224700E769E8 /* DrugState.swift in Sources */,
				071ABEFA28CBD34100E769E8 /* StorageAction.swift in Sources */,
				CEBC21F928C9D87400C06630 /* WebApplicationDomainView.swift in Sources */,
			);
			runOnlyForDeploymentPostprocessing = 0;
		};
/* End PBXSourcesBuildPhase section */

/* Begin XCBuildConfiguration section */
		CEBC21E328C4C92900C06630 /* Debug */ = {
			isa = XCBuildConfiguration;
			buildSettings = {
				ALWAYS_SEARCH_USER_PATHS = NO;
				CLANG_ANALYZER_NONNULL = YES;
				CLANG_ANALYZER_NUMBER_OBJECT_CONVERSION = YES_AGGRESSIVE;
				CLANG_CXX_LANGUAGE_STANDARD = "gnu++17";
				CLANG_ENABLE_MODULES = YES;
				CLANG_ENABLE_OBJC_ARC = YES;
				CLANG_ENABLE_OBJC_WEAK = YES;
				CLANG_WARN_BLOCK_CAPTURE_AUTORELEASING = YES;
				CLANG_WARN_BOOL_CONVERSION = YES;
				CLANG_WARN_COMMA = YES;
				CLANG_WARN_CONSTANT_CONVERSION = YES;
				CLANG_WARN_DEPRECATED_OBJC_IMPLEMENTATIONS = YES;
				CLANG_WARN_DIRECT_OBJC_ISA_USAGE = YES_ERROR;
				CLANG_WARN_DOCUMENTATION_COMMENTS = YES;
				CLANG_WARN_EMPTY_BODY = YES;
				CLANG_WARN_ENUM_CONVERSION = YES;
				CLANG_WARN_INFINITE_RECURSION = YES;
				CLANG_WARN_INT_CONVERSION = YES;
				CLANG_WARN_NON_LITERAL_NULL_CONVERSION = YES;
				CLANG_WARN_OBJC_IMPLICIT_RETAIN_SELF = YES;
				CLANG_WARN_OBJC_LITERAL_CONVERSION = YES;
				CLANG_WARN_OBJC_ROOT_CLASS = YES_ERROR;
				CLANG_WARN_QUOTED_INCLUDE_IN_FRAMEWORK_HEADER = YES;
				CLANG_WARN_RANGE_LOOP_ANALYSIS = YES;
				CLANG_WARN_STRICT_PROTOTYPES = YES;
				CLANG_WARN_SUSPICIOUS_MOVE = YES;
				CLANG_WARN_UNGUARDED_AVAILABILITY = YES_AGGRESSIVE;
				CLANG_WARN_UNREACHABLE_CODE = YES;
				CLANG_WARN__DUPLICATE_METHOD_MATCH = YES;
				COPY_PHASE_STRIP = NO;
				DEBUG_INFORMATION_FORMAT = dwarf;
				ENABLE_STRICT_OBJC_MSGSEND = YES;
				ENABLE_TESTABILITY = YES;
				GCC_C_LANGUAGE_STANDARD = gnu11;
				GCC_DYNAMIC_NO_PIC = NO;
				GCC_NO_COMMON_BLOCKS = YES;
				GCC_OPTIMIZATION_LEVEL = 0;
				GCC_PREPROCESSOR_DEFINITIONS = (
					"DEBUG=1",
					"$(inherited)",
				);
				GCC_WARN_64_TO_32_BIT_CONVERSION = YES;
				GCC_WARN_ABOUT_RETURN_TYPE = YES_ERROR;
				GCC_WARN_UNDECLARED_SELECTOR = YES;
				GCC_WARN_UNINITIALIZED_AUTOS = YES_AGGRESSIVE;
				GCC_WARN_UNUSED_FUNCTION = YES;
				GCC_WARN_UNUSED_VARIABLE = YES;
				IPHONEOS_DEPLOYMENT_TARGET = 15.5;
				MTL_ENABLE_DEBUG_INFO = INCLUDE_SOURCE;
				MTL_FAST_MATH = YES;
				ONLY_ACTIVE_ARCH = YES;
				SDKROOT = iphoneos;
				SWIFT_ACTIVE_COMPILATION_CONDITIONS = DEBUG;
				SWIFT_OPTIMIZATION_LEVEL = "-Onone";
			};
			name = Debug;
		};
		CEBC21E428C4C92900C06630 /* Release */ = {
			isa = XCBuildConfiguration;
			buildSettings = {
				ALWAYS_SEARCH_USER_PATHS = NO;
				CLANG_ANALYZER_NONNULL = YES;
				CLANG_ANALYZER_NUMBER_OBJECT_CONVERSION = YES_AGGRESSIVE;
				CLANG_CXX_LANGUAGE_STANDARD = "gnu++17";
				CLANG_ENABLE_MODULES = YES;
				CLANG_ENABLE_OBJC_ARC = YES;
				CLANG_ENABLE_OBJC_WEAK = YES;
				CLANG_WARN_BLOCK_CAPTURE_AUTORELEASING = YES;
				CLANG_WARN_BOOL_CONVERSION = YES;
				CLANG_WARN_COMMA = YES;
				CLANG_WARN_CONSTANT_CONVERSION = YES;
				CLANG_WARN_DEPRECATED_OBJC_IMPLEMENTATIONS = YES;
				CLANG_WARN_DIRECT_OBJC_ISA_USAGE = YES_ERROR;
				CLANG_WARN_DOCUMENTATION_COMMENTS = YES;
				CLANG_WARN_EMPTY_BODY = YES;
				CLANG_WARN_ENUM_CONVERSION = YES;
				CLANG_WARN_INFINITE_RECURSION = YES;
				CLANG_WARN_INT_CONVERSION = YES;
				CLANG_WARN_NON_LITERAL_NULL_CONVERSION = YES;
				CLANG_WARN_OBJC_IMPLICIT_RETAIN_SELF = YES;
				CLANG_WARN_OBJC_LITERAL_CONVERSION = YES;
				CLANG_WARN_OBJC_ROOT_CLASS = YES_ERROR;
				CLANG_WARN_QUOTED_INCLUDE_IN_FRAMEWORK_HEADER = YES;
				CLANG_WARN_RANGE_LOOP_ANALYSIS = YES;
				CLANG_WARN_STRICT_PROTOTYPES = YES;
				CLANG_WARN_SUSPICIOUS_MOVE = YES;
				CLANG_WARN_UNGUARDED_AVAILABILITY = YES_AGGRESSIVE;
				CLANG_WARN_UNREACHABLE_CODE = YES;
				CLANG_WARN__DUPLICATE_METHOD_MATCH = YES;
				COPY_PHASE_STRIP = NO;
				DEBUG_INFORMATION_FORMAT = "dwarf-with-dsym";
				ENABLE_NS_ASSERTIONS = NO;
				ENABLE_STRICT_OBJC_MSGSEND = YES;
				GCC_C_LANGUAGE_STANDARD = gnu11;
				GCC_NO_COMMON_BLOCKS = YES;
				GCC_WARN_64_TO_32_BIT_CONVERSION = YES;
				GCC_WARN_ABOUT_RETURN_TYPE = YES_ERROR;
				GCC_WARN_UNDECLARED_SELECTOR = YES;
				GCC_WARN_UNINITIALIZED_AUTOS = YES_AGGRESSIVE;
				GCC_WARN_UNUSED_FUNCTION = YES;
				GCC_WARN_UNUSED_VARIABLE = YES;
				IPHONEOS_DEPLOYMENT_TARGET = 15.5;
				MTL_ENABLE_DEBUG_INFO = NO;
				MTL_FAST_MATH = YES;
				SDKROOT = iphoneos;
				SWIFT_COMPILATION_MODE = wholemodule;
				SWIFT_OPTIMIZATION_LEVEL = "-O";
				VALIDATE_PRODUCT = YES;
			};
			name = Release;
		};
		CEBC21E628C4C92900C06630 /* Debug */ = {
			isa = XCBuildConfiguration;
			buildSettings = {
				ASSETCATALOG_COMPILER_APPICON_NAME = AppIcon;
				ASSETCATALOG_COMPILER_GLOBAL_ACCENT_COLOR_NAME = AccentColor;
				CODE_SIGN_STYLE = Automatic;
				CURRENT_PROJECT_VERSION = 1;
				DEVELOPMENT_ASSET_PATHS = "\"Pharmacy/Preview Content\"";
				DEVELOPMENT_TEAM = 67QY3Y2G3B;
				ENABLE_PREVIEWS = YES;
				GENERATE_INFOPLIST_FILE = YES;
				INFOPLIST_FILE = Pharmacy/Info.plist;
				INFOPLIST_KEY_UIApplicationSceneManifest_Generation = YES;
				INFOPLIST_KEY_UIApplicationSupportsIndirectInputEvents = YES;
				INFOPLIST_KEY_UILaunchScreen_Generation = YES;
				INFOPLIST_KEY_UISupportedInterfaceOrientations = "UIInterfaceOrientationLandscapeLeft UIInterfaceOrientationLandscapeRight";
				INFOPLIST_KEY_UISupportedInterfaceOrientations_iPad = "UIInterfaceOrientationPortrait UIInterfaceOrientationPortraitUpsideDown UIInterfaceOrientationLandscapeLeft UIInterfaceOrientationLandscapeRight";
				INFOPLIST_KEY_UISupportedInterfaceOrientations_iPhone = "UIInterfaceOrientationPortrait UIInterfaceOrientationLandscapeLeft UIInterfaceOrientationLandscapeRight";
				LD_RUNPATH_SEARCH_PATHS = (
					"$(inherited)",
					"@executable_path/Frameworks",
				);
				MARKETING_VERSION = 1.0;
				PRODUCT_BUNDLE_IDENTIFIER = Maria.Pharmacy;
				PRODUCT_NAME = "$(TARGET_NAME)";
				SWIFT_EMIT_LOC_STRINGS = YES;
				SWIFT_VERSION = 5.0;
				TARGETED_DEVICE_FAMILY = "1,2";
			};
			name = Debug;
		};
		CEBC21E728C4C92900C06630 /* Release */ = {
			isa = XCBuildConfiguration;
			buildSettings = {
				ASSETCATALOG_COMPILER_APPICON_NAME = AppIcon;
				ASSETCATALOG_COMPILER_GLOBAL_ACCENT_COLOR_NAME = AccentColor;
				CODE_SIGN_STYLE = Automatic;
				CURRENT_PROJECT_VERSION = 1;
				DEVELOPMENT_ASSET_PATHS = "\"Pharmacy/Preview Content\"";
				DEVELOPMENT_TEAM = 67QY3Y2G3B;
				ENABLE_PREVIEWS = YES;
				GENERATE_INFOPLIST_FILE = YES;
				INFOPLIST_FILE = Pharmacy/Info.plist;
				INFOPLIST_KEY_UIApplicationSceneManifest_Generation = YES;
				INFOPLIST_KEY_UIApplicationSupportsIndirectInputEvents = YES;
				INFOPLIST_KEY_UILaunchScreen_Generation = YES;
				INFOPLIST_KEY_UISupportedInterfaceOrientations = "UIInterfaceOrientationLandscapeLeft UIInterfaceOrientationLandscapeRight";
				INFOPLIST_KEY_UISupportedInterfaceOrientations_iPad = "UIInterfaceOrientationPortrait UIInterfaceOrientationPortraitUpsideDown UIInterfaceOrientationLandscapeLeft UIInterfaceOrientationLandscapeRight";
				INFOPLIST_KEY_UISupportedInterfaceOrientations_iPhone = "UIInterfaceOrientationPortrait UIInterfaceOrientationLandscapeLeft UIInterfaceOrientationLandscapeRight";
				LD_RUNPATH_SEARCH_PATHS = (
					"$(inherited)",
					"@executable_path/Frameworks",
				);
				MARKETING_VERSION = 1.0;
				PRODUCT_BUNDLE_IDENTIFIER = Maria.Pharmacy;
				PRODUCT_NAME = "$(TARGET_NAME)";
				SWIFT_EMIT_LOC_STRINGS = YES;
				SWIFT_VERSION = 5.0;
				TARGETED_DEVICE_FAMILY = "1,2";
			};
			name = Release;
		};
/* End XCBuildConfiguration section */

/* Begin XCConfigurationList section */
		CEBC21D228C4C92700C06630 /* Build configuration list for PBXProject "Pharmacy" */ = {
			isa = XCConfigurationList;
			buildConfigurations = (
				CEBC21E328C4C92900C06630 /* Debug */,
				CEBC21E428C4C92900C06630 /* Release */,
			);
			defaultConfigurationIsVisible = 0;
			defaultConfigurationName = Release;
		};
		CEBC21E528C4C92900C06630 /* Build configuration list for PBXNativeTarget "Pharmacy" */ = {
			isa = XCConfigurationList;
			buildConfigurations = (
				CEBC21E628C4C92900C06630 /* Debug */,
				CEBC21E728C4C92900C06630 /* Release */,
			);
			defaultConfigurationIsVisible = 0;
			defaultConfigurationName = Release;
		};
/* End XCConfigurationList section */

/* Begin XCRemoteSwiftPackageReference section */
		0715541D28C677CB00E8877B /* XCRemoteSwiftPackageReference "swift-composable-architecture" */ = {
			isa = XCRemoteSwiftPackageReference;
			repositoryURL = "https://github.com/pointfreeco/swift-composable-architecture";
			requirement = {
				kind = upToNextMajorVersion;
				minimumVersion = 0.9.0;
			};
		};
		CEB5AD2228CA0CB700579BAB /* XCRemoteSwiftPackageReference "firebase-ios-sdk" */ = {
			isa = XCRemoteSwiftPackageReference;
			repositoryURL = "https://github.com/firebase/firebase-ios-sdk";
			requirement = {
				kind = upToNextMajorVersion;
				minimumVersion = 9.0.0;
			};
		};
		CEB5AD2B28CA100700579BAB /* XCRemoteSwiftPackageReference "firebase-ios-sdk" */ = {
			isa = XCRemoteSwiftPackageReference;
			repositoryURL = "https://github.com/firebase/firebase-ios-sdk";
			requirement = {
				kind = upToNextMajorVersion;
				minimumVersion = 9.0.0;
			};
		};
/* End XCRemoteSwiftPackageReference section */

/* Begin XCSwiftPackageProductDependency section */
		CEB5AD1E28CA0A2400579BAB /* ComposableArchitecture */ = {
			isa = XCSwiftPackageProductDependency;
			package = 0715541D28C677CB00E8877B /* XCRemoteSwiftPackageReference "swift-composable-architecture" */;
			productName = ComposableArchitecture;
		};
		CEB5AD2328CA0CB700579BAB /* FirebaseAnalytics */ = {
			isa = XCSwiftPackageProductDependency;
			package = CEB5AD2228CA0CB700579BAB /* XCRemoteSwiftPackageReference "firebase-ios-sdk" */;
			productName = FirebaseAnalytics;
		};
		CEB5AD2528CA0CB700579BAB /* FirebaseDatabase */ = {
			isa = XCSwiftPackageProductDependency;
			package = CEB5AD2228CA0CB700579BAB /* XCRemoteSwiftPackageReference "firebase-ios-sdk" */;
			productName = FirebaseDatabase;
		};
		CEB5AD2728CA0CB700579BAB /* FirebaseStorage */ = {
			isa = XCSwiftPackageProductDependency;
			package = CEB5AD2228CA0CB700579BAB /* XCRemoteSwiftPackageReference "firebase-ios-sdk" */;
			productName = FirebaseStorage;
		};
		CEB5AD2C28CA100700579BAB /* FirebaseFirestore */ = {
			isa = XCSwiftPackageProductDependency;
			package = CEB5AD2228CA0CB700579BAB /* XCRemoteSwiftPackageReference "firebase-ios-sdk" */;
			productName = FirebaseFirestore;
		};
		CEB5AD2E28CA100700579BAB /* FirebaseFirestoreCombine-Community */ = {
			isa = XCSwiftPackageProductDependency;
			package = CEB5AD2228CA0CB700579BAB /* XCRemoteSwiftPackageReference "firebase-ios-sdk" */;
			productName = "FirebaseFirestoreCombine-Community";
		};
/* End XCSwiftPackageProductDependency section */
	};
	rootObject = CEBC21CF28C4C92700C06630 /* Project object */;
}
