// !$*UTF8*$!
{
	archiveVersion = 1;
	classes = {
	};
	objectVersion = 55;
	objects = {

/* Begin PBXBuildFile section */
		071ABF2428CD3BDD00E769E8 /* FirebaseAuth in Frameworks */ = {isa = PBXBuildFile; productRef = 071ABF2328CD3BDD00E769E8 /* FirebaseAuth */; };
		CE5DDEBF290D4888007415FF /* AuthService.swift in Sources */ = {isa = PBXBuildFile; fileRef = CE5DDEBD290D4887007415FF /* AuthService.swift */; };
		CE5DDEC0290D4888007415FF /* APIManager.swift in Sources */ = {isa = PBXBuildFile; fileRef = CE5DDEBE290D4887007415FF /* APIManager.swift */; };
		CE5DDEC8290D48DD007415FF /* DashboardState.swift in Sources */ = {isa = PBXBuildFile; fileRef = CE5DDEC2290D48DD007415FF /* DashboardState.swift */; };
		CE5DDEC9290D48DD007415FF /* DashboardEnvironment.swift in Sources */ = {isa = PBXBuildFile; fileRef = CE5DDEC3290D48DD007415FF /* DashboardEnvironment.swift */; };
		CE5DDECA290D48DD007415FF /* DashboardReducer.swift in Sources */ = {isa = PBXBuildFile; fileRef = CE5DDEC4290D48DD007415FF /* DashboardReducer.swift */; };
		CE5DDECB290D48DD007415FF /* DashboardAction.swift in Sources */ = {isa = PBXBuildFile; fileRef = CE5DDEC5290D48DD007415FF /* DashboardAction.swift */; };
		CE5DDECC290D48DD007415FF /* DashboardViewDomain.swift in Sources */ = {isa = PBXBuildFile; fileRef = CE5DDEC7290D48DD007415FF /* DashboardViewDomain.swift */; };
		CE5DDED4290D4925007415FF /* AuthState.swift in Sources */ = {isa = PBXBuildFile; fileRef = CE5DDECE290D4925007415FF /* AuthState.swift */; };
		CE5DDED5290D4925007415FF /* AuthReducer.swift in Sources */ = {isa = PBXBuildFile; fileRef = CE5DDECF290D4925007415FF /* AuthReducer.swift */; };
		CE5DDED6290D4925007415FF /* AuthAction.swift in Sources */ = {isa = PBXBuildFile; fileRef = CE5DDED0290D4925007415FF /* AuthAction.swift */; };
		CE5DDED7290D4925007415FF /* AuthDomainView.swift in Sources */ = {isa = PBXBuildFile; fileRef = CE5DDED2290D4925007415FF /* AuthDomainView.swift */; };
		CE5DDED8290D4925007415FF /* AuthEnvironment.swift in Sources */ = {isa = PBXBuildFile; fileRef = CE5DDED3290D4925007415FF /* AuthEnvironment.swift */; };
		CE5DDEE0290D4938007415FF /* DrugReducer.swift in Sources */ = {isa = PBXBuildFile; fileRef = CE5DDEDA290D4938007415FF /* DrugReducer.swift */; };
		CE5DDEE1290D4938007415FF /* DrugEnvironment.swift in Sources */ = {isa = PBXBuildFile; fileRef = CE5DDEDB290D4938007415FF /* DrugEnvironment.swift */; };
		CE5DDEE2290D4938007415FF /* DrugState.swift in Sources */ = {isa = PBXBuildFile; fileRef = CE5DDEDC290D4938007415FF /* DrugState.swift */; };
		CE5DDEE3290D4938007415FF /* DrugDomainView.swift in Sources */ = {isa = PBXBuildFile; fileRef = CE5DDEDE290D4938007415FF /* DrugDomainView.swift */; };
		CE5DDEE4290D4938007415FF /* DrugAction.swift in Sources */ = {isa = PBXBuildFile; fileRef = CE5DDEDF290D4938007415FF /* DrugAction.swift */; };
		CE5DDEEC290D4947007415FF /* StorageReducer.swift in Sources */ = {isa = PBXBuildFile; fileRef = CE5DDEE6290D4947007415FF /* StorageReducer.swift */; };
		CE5DDEED290D4947007415FF /* StorageEnvironment.swift in Sources */ = {isa = PBXBuildFile; fileRef = CE5DDEE7290D4947007415FF /* StorageEnvironment.swift */; };
		CE5DDEEE290D4947007415FF /* StorageState.swift in Sources */ = {isa = PBXBuildFile; fileRef = CE5DDEE8290D4947007415FF /* StorageState.swift */; };
		CE5DDEEF290D4947007415FF /* StorageAction.swift in Sources */ = {isa = PBXBuildFile; fileRef = CE5DDEE9290D4947007415FF /* StorageAction.swift */; };
		CE5DDEF0290D4947007415FF /* StorageDomainView.swift in Sources */ = {isa = PBXBuildFile; fileRef = CE5DDEEB290D4947007415FF /* StorageDomainView.swift */; };
		CE5DDEF3290D4962007415FF /* Color+customColor.swift in Sources */ = {isa = PBXBuildFile; fileRef = CE5DDEF2290D4962007415FF /* Color+customColor.swift */; };
		CE5DDEF6290D4985007415FF /* Preview Assets.xcassets in Resources */ = {isa = PBXBuildFile; fileRef = CE5DDEF5290D4985007415FF /* Preview Assets.xcassets */; };
		CE5DDF03290D4996007415FF /* Departments.swift in Sources */ = {isa = PBXBuildFile; fileRef = CE5DDEF8290D4996007415FF /* Departments.swift */; };
		CE5DDF04290D4996007415FF /* User.swift in Sources */ = {isa = PBXBuildFile; fileRef = CE5DDEF9290D4996007415FF /* User.swift */; };
		CE5DDF05290D4996007415FF /* Drugs.swift in Sources */ = {isa = PBXBuildFile; fileRef = CE5DDEFA290D4996007415FF /* Drugs.swift */; };
		CE5DDF06290D4996007415FF /* WebApplicationState.swift in Sources */ = {isa = PBXBuildFile; fileRef = CE5DDEFC290D4996007415FF /* WebApplicationState.swift */; };
		CE5DDF07290D4996007415FF /* WebApplicationReducer.swift in Sources */ = {isa = PBXBuildFile; fileRef = CE5DDEFD290D4996007415FF /* WebApplicationReducer.swift */; };
		CE5DDF08290D4996007415FF /* WebApplicationAction.swift in Sources */ = {isa = PBXBuildFile; fileRef = CE5DDEFE290D4996007415FF /* WebApplicationAction.swift */; };
		CE5DDF09290D4996007415FF /* WebApplicationEnvironment.swift in Sources */ = {isa = PBXBuildFile; fileRef = CE5DDEFF290D4996007415FF /* WebApplicationEnvironment.swift */; };
		CE5DDF0A290D4996007415FF /* SafariView.swift in Sources */ = {isa = PBXBuildFile; fileRef = CE5DDF01290D4996007415FF /* SafariView.swift */; };
		CE5DDF0B290D4996007415FF /* WebApplicationDomainView.swift in Sources */ = {isa = PBXBuildFile; fileRef = CE5DDF02290D4996007415FF /* WebApplicationDomainView.swift */; };
		CE5DDF12290D4A04007415FF /* GoogleService-Info_TEST.plist in Resources */ = {isa = PBXBuildFile; fileRef = CE5DDF11290D4A04007415FF /* GoogleService-Info_TEST.plist */; };
		CE5DDF14290D4A0E007415FF /* GoogleService-Info-PROD.plist in Resources */ = {isa = PBXBuildFile; fileRef = CE5DDF13290D4A0E007415FF /* GoogleService-Info-PROD.plist */; };
		CE5DDF19290D4A72007415FF /* Assets.xcassets in Resources */ = {isa = PBXBuildFile; fileRef = CE5DDF10290D49DF007415FF /* Assets.xcassets */; };
		CEB5AD1F28CA0A2400579BAB /* ComposableArchitecture in Frameworks */ = {isa = PBXBuildFile; productRef = CEB5AD1E28CA0A2400579BAB /* ComposableArchitecture */; };
		CEB5AD2428CA0CB700579BAB /* FirebaseAnalytics in Frameworks */ = {isa = PBXBuildFile; productRef = CEB5AD2328CA0CB700579BAB /* FirebaseAnalytics */; };
		CEB5AD2628CA0CB700579BAB /* FirebaseDatabase in Frameworks */ = {isa = PBXBuildFile; productRef = CEB5AD2528CA0CB700579BAB /* FirebaseDatabase */; };
		CEB5AD2828CA0CB700579BAB /* FirebaseStorage in Frameworks */ = {isa = PBXBuildFile; productRef = CEB5AD2728CA0CB700579BAB /* FirebaseStorage */; };
		CEB5AD2D28CA100700579BAB /* FirebaseFirestore in Frameworks */ = {isa = PBXBuildFile; productRef = CEB5AD2C28CA100700579BAB /* FirebaseFirestore */; };
		CEB5AD2F28CA100700579BAB /* FirebaseFirestoreCombine-Community in Frameworks */ = {isa = PBXBuildFile; productRef = CEB5AD2E28CA100700579BAB /* FirebaseFirestoreCombine-Community */; };
		CEBC21DB28C4C92700C06630 /* PharmacyApp.swift in Sources */ = {isa = PBXBuildFile; fileRef = CEBC21DA28C4C92700C06630 /* PharmacyApp.swift */; };
		CEBC21F528C9D1AC00C06630 /* AppDelegate.swift in Sources */ = {isa = PBXBuildFile; fileRef = CEBC21F428C9D1AC00C06630 /* AppDelegate.swift */; };
/* End PBXBuildFile section */

/* Begin PBXFileReference section */
		071ABF0728CD1C4800E769E8 /* Info.plist */ = {isa = PBXFileReference; lastKnownFileType = text.plist; path = Info.plist; sourceTree = "<group>"; };
		CE5DDEBD290D4887007415FF /* AuthService.swift */ = {isa = PBXFileReference; fileEncoding = 4; lastKnownFileType = sourcecode.swift; path = AuthService.swift; sourceTree = "<group>"; };
		CE5DDEBE290D4887007415FF /* APIManager.swift */ = {isa = PBXFileReference; fileEncoding = 4; lastKnownFileType = sourcecode.swift; path = APIManager.swift; sourceTree = "<group>"; };
		CE5DDEC2290D48DD007415FF /* DashboardState.swift */ = {isa = PBXFileReference; fileEncoding = 4; lastKnownFileType = sourcecode.swift; path = DashboardState.swift; sourceTree = "<group>"; };
		CE5DDEC3290D48DD007415FF /* DashboardEnvironment.swift */ = {isa = PBXFileReference; fileEncoding = 4; lastKnownFileType = sourcecode.swift; path = DashboardEnvironment.swift; sourceTree = "<group>"; };
		CE5DDEC4290D48DD007415FF /* DashboardReducer.swift */ = {isa = PBXFileReference; fileEncoding = 4; lastKnownFileType = sourcecode.swift; path = DashboardReducer.swift; sourceTree = "<group>"; };
		CE5DDEC5290D48DD007415FF /* DashboardAction.swift */ = {isa = PBXFileReference; fileEncoding = 4; lastKnownFileType = sourcecode.swift; path = DashboardAction.swift; sourceTree = "<group>"; };
		CE5DDEC7290D48DD007415FF /* DashboardViewDomain.swift */ = {isa = PBXFileReference; fileEncoding = 4; lastKnownFileType = sourcecode.swift; path = DashboardViewDomain.swift; sourceTree = "<group>"; };
		CE5DDECE290D4925007415FF /* AuthState.swift */ = {isa = PBXFileReference; fileEncoding = 4; lastKnownFileType = sourcecode.swift; path = AuthState.swift; sourceTree = "<group>"; };
		CE5DDECF290D4925007415FF /* AuthReducer.swift */ = {isa = PBXFileReference; fileEncoding = 4; lastKnownFileType = sourcecode.swift; path = AuthReducer.swift; sourceTree = "<group>"; };
		CE5DDED0290D4925007415FF /* AuthAction.swift */ = {isa = PBXFileReference; fileEncoding = 4; lastKnownFileType = sourcecode.swift; path = AuthAction.swift; sourceTree = "<group>"; };
		CE5DDED2290D4925007415FF /* AuthDomainView.swift */ = {isa = PBXFileReference; fileEncoding = 4; lastKnownFileType = sourcecode.swift; path = AuthDomainView.swift; sourceTree = "<group>"; };
		CE5DDED3290D4925007415FF /* AuthEnvironment.swift */ = {isa = PBXFileReference; fileEncoding = 4; lastKnownFileType = sourcecode.swift; path = AuthEnvironment.swift; sourceTree = "<group>"; };
		CE5DDEDA290D4938007415FF /* DrugReducer.swift */ = {isa = PBXFileReference; fileEncoding = 4; lastKnownFileType = sourcecode.swift; path = DrugReducer.swift; sourceTree = "<group>"; };
		CE5DDEDB290D4938007415FF /* DrugEnvironment.swift */ = {isa = PBXFileReference; fileEncoding = 4; lastKnownFileType = sourcecode.swift; path = DrugEnvironment.swift; sourceTree = "<group>"; };
		CE5DDEDC290D4938007415FF /* DrugState.swift */ = {isa = PBXFileReference; fileEncoding = 4; lastKnownFileType = sourcecode.swift; path = DrugState.swift; sourceTree = "<group>"; };
		CE5DDEDE290D4938007415FF /* DrugDomainView.swift */ = {isa = PBXFileReference; fileEncoding = 4; lastKnownFileType = sourcecode.swift; path = DrugDomainView.swift; sourceTree = "<group>"; };
		CE5DDEDF290D4938007415FF /* DrugAction.swift */ = {isa = PBXFileReference; fileEncoding = 4; lastKnownFileType = sourcecode.swift; path = DrugAction.swift; sourceTree = "<group>"; };
		CE5DDEE6290D4947007415FF /* StorageReducer.swift */ = {isa = PBXFileReference; fileEncoding = 4; lastKnownFileType = sourcecode.swift; path = StorageReducer.swift; sourceTree = "<group>"; };
		CE5DDEE7290D4947007415FF /* StorageEnvironment.swift */ = {isa = PBXFileReference; fileEncoding = 4; lastKnownFileType = sourcecode.swift; path = StorageEnvironment.swift; sourceTree = "<group>"; };
		CE5DDEE8290D4947007415FF /* StorageState.swift */ = {isa = PBXFileReference; fileEncoding = 4; lastKnownFileType = sourcecode.swift; path = StorageState.swift; sourceTree = "<group>"; };
		CE5DDEE9290D4947007415FF /* StorageAction.swift */ = {isa = PBXFileReference; fileEncoding = 4; lastKnownFileType = sourcecode.swift; path = StorageAction.swift; sourceTree = "<group>"; };
		CE5DDEEB290D4947007415FF /* StorageDomainView.swift */ = {isa = PBXFileReference; fileEncoding = 4; lastKnownFileType = sourcecode.swift; path = StorageDomainView.swift; sourceTree = "<group>"; };
		CE5DDEF2290D4962007415FF /* Color+customColor.swift */ = {isa = PBXFileReference; fileEncoding = 4; lastKnownFileType = sourcecode.swift; path = "Color+customColor.swift"; sourceTree = "<group>"; };
		CE5DDEF5290D4985007415FF /* Preview Assets.xcassets */ = {isa = PBXFileReference; lastKnownFileType = folder.assetcatalog; path = "Preview Assets.xcassets"; sourceTree = "<group>"; };
		CE5DDEF8290D4996007415FF /* Departments.swift */ = {isa = PBXFileReference; fileEncoding = 4; lastKnownFileType = sourcecode.swift; path = Departments.swift; sourceTree = "<group>"; };
		CE5DDEF9290D4996007415FF /* User.swift */ = {isa = PBXFileReference; fileEncoding = 4; lastKnownFileType = sourcecode.swift; path = User.swift; sourceTree = "<group>"; };
		CE5DDEFA290D4996007415FF /* Drugs.swift */ = {isa = PBXFileReference; fileEncoding = 4; lastKnownFileType = sourcecode.swift; path = Drugs.swift; sourceTree = "<group>"; };
		CE5DDEFC290D4996007415FF /* WebApplicationState.swift */ = {isa = PBXFileReference; fileEncoding = 4; lastKnownFileType = sourcecode.swift; path = WebApplicationState.swift; sourceTree = "<group>"; };
		CE5DDEFD290D4996007415FF /* WebApplicationReducer.swift */ = {isa = PBXFileReference; fileEncoding = 4; lastKnownFileType = sourcecode.swift; path = WebApplicationReducer.swift; sourceTree = "<group>"; };
		CE5DDEFE290D4996007415FF /* WebApplicationAction.swift */ = {isa = PBXFileReference; fileEncoding = 4; lastKnownFileType = sourcecode.swift; path = WebApplicationAction.swift; sourceTree = "<group>"; };
		CE5DDEFF290D4996007415FF /* WebApplicationEnvironment.swift */ = {isa = PBXFileReference; fileEncoding = 4; lastKnownFileType = sourcecode.swift; path = WebApplicationEnvironment.swift; sourceTree = "<group>"; };
		CE5DDF01290D4996007415FF /* SafariView.swift */ = {isa = PBXFileReference; fileEncoding = 4; lastKnownFileType = sourcecode.swift; path = SafariView.swift; sourceTree = "<group>"; };
		CE5DDF02290D4996007415FF /* WebApplicationDomainView.swift */ = {isa = PBXFileReference; fileEncoding = 4; lastKnownFileType = sourcecode.swift; path = WebApplicationDomainView.swift; sourceTree = "<group>"; };
		CE5DDF10290D49DF007415FF /* Assets.xcassets */ = {isa = PBXFileReference; lastKnownFileType = folder.assetcatalog; path = Assets.xcassets; sourceTree = "<group>"; };
		CE5DDF11290D4A04007415FF /* GoogleService-Info_TEST.plist */ = {isa = PBXFileReference; fileEncoding = 4; lastKnownFileType = text.plist.xml; path = "GoogleService-Info_TEST.plist"; sourceTree = "<group>"; };
		CE5DDF13290D4A0E007415FF /* GoogleService-Info-PROD.plist */ = {isa = PBXFileReference; fileEncoding = 4; lastKnownFileType = text.plist.xml; path = "GoogleService-Info-PROD.plist"; sourceTree = "<group>"; };
		CEBC21D728C4C92700C06630 /* Pharmacy.app */ = {isa = PBXFileReference; explicitFileType = wrapper.application; includeInIndex = 0; path = Pharmacy.app; sourceTree = BUILT_PRODUCTS_DIR; };
		CEBC21DA28C4C92700C06630 /* PharmacyApp.swift */ = {isa = PBXFileReference; lastKnownFileType = sourcecode.swift; path = PharmacyApp.swift; sourceTree = "<group>"; };
		CEBC21F428C9D1AC00C06630 /* AppDelegate.swift */ = {isa = PBXFileReference; lastKnownFileType = sourcecode.swift; path = AppDelegate.swift; sourceTree = "<group>"; };
/* End PBXFileReference section */

/* Begin PBXFrameworksBuildPhase section */
		CEBC21D428C4C92700C06630 /* Frameworks */ = {
			isa = PBXFrameworksBuildPhase;
			buildActionMask = 2147483647;
			files = (
				CEB5AD2628CA0CB700579BAB /* FirebaseDatabase in Frameworks */,
				CEB5AD2828CA0CB700579BAB /* FirebaseStorage in Frameworks */,
				CEB5AD2428CA0CB700579BAB /* FirebaseAnalytics in Frameworks */,
				CEB5AD2F28CA100700579BAB /* FirebaseFirestoreCombine-Community in Frameworks */,
				CEB5AD2D28CA100700579BAB /* FirebaseFirestore in Frameworks */,
				071ABF2428CD3BDD00E769E8 /* FirebaseAuth in Frameworks */,
				CEB5AD1F28CA0A2400579BAB /* ComposableArchitecture in Frameworks */,
			);
			runOnlyForDeploymentPostprocessing = 0;
		};
/* End PBXFrameworksBuildPhase section */

/* Begin PBXGroup section */
		071ABF2028CD39E400E769E8 /* Services */ = {
			isa = PBXGroup;
			children = (
				CE5DDEBE290D4887007415FF /* APIManager.swift */,
				CE5DDEBD290D4887007415FF /* AuthService.swift */,
			);
			path = Services;
			sourceTree = "<group>";
		};
		CE5DDEC1290D48DD007415FF /* DashboardDomain */ = {
			isa = PBXGroup;
			children = (
				CE5DDEC6290D48DD007415FF /* Views */,
				CE5DDEC2290D48DD007415FF /* DashboardState.swift */,
				CE5DDEC3290D48DD007415FF /* DashboardEnvironment.swift */,
				CE5DDEC4290D48DD007415FF /* DashboardReducer.swift */,
				CE5DDEC5290D48DD007415FF /* DashboardAction.swift */,
			);
			path = DashboardDomain;
			sourceTree = "<group>";
		};
		CE5DDEC6290D48DD007415FF /* Views */ = {
			isa = PBXGroup;
			children = (
				CE5DDEC7290D48DD007415FF /* DashboardViewDomain.swift */,
			);
			path = Views;
			sourceTree = "<group>";
		};
		CE5DDECD290D4925007415FF /* AuthDomain */ = {
			isa = PBXGroup;
			children = (
				CE5DDED1290D4925007415FF /* Views */,
				CE5DDECE290D4925007415FF /* AuthState.swift */,
				CE5DDECF290D4925007415FF /* AuthReducer.swift */,
				CE5DDED0290D4925007415FF /* AuthAction.swift */,
				CE5DDED3290D4925007415FF /* AuthEnvironment.swift */,
			);
			path = AuthDomain;
			sourceTree = "<group>";
		};
		CE5DDED1290D4925007415FF /* Views */ = {
			isa = PBXGroup;
			children = (
				CE5DDED2290D4925007415FF /* AuthDomainView.swift */,
			);
			path = Views;
			sourceTree = "<group>";
		};
		CE5DDED9290D4938007415FF /* DrugDomain */ = {
			isa = PBXGroup;
			children = (
				CE5DDEDD290D4938007415FF /* Views */,
				CE5DDEDA290D4938007415FF /* DrugReducer.swift */,
				CE5DDEDB290D4938007415FF /* DrugEnvironment.swift */,
				CE5DDEDC290D4938007415FF /* DrugState.swift */,
				CE5DDEDF290D4938007415FF /* DrugAction.swift */,
			);
			path = DrugDomain;
			sourceTree = "<group>";
		};
		CE5DDEDD290D4938007415FF /* Views */ = {
			isa = PBXGroup;
			children = (
				CE5DDEDE290D4938007415FF /* DrugDomainView.swift */,
			);
			path = Views;
			sourceTree = "<group>";
		};
		CE5DDEE5290D4947007415FF /* StorageDomain */ = {
			isa = PBXGroup;
			children = (
				CE5DDEEA290D4947007415FF /* Views */,
				CE5DDEE6290D4947007415FF /* StorageReducer.swift */,
				CE5DDEE7290D4947007415FF /* StorageEnvironment.swift */,
				CE5DDEE8290D4947007415FF /* StorageState.swift */,
				CE5DDEE9290D4947007415FF /* StorageAction.swift */,
			);
			path = StorageDomain;
			sourceTree = "<group>";
		};
		CE5DDEEA290D4947007415FF /* Views */ = {
			isa = PBXGroup;
			children = (
				CE5DDEEB290D4947007415FF /* StorageDomainView.swift */,
			);
			path = Views;
			sourceTree = "<group>";
		};
		CE5DDEF1290D4962007415FF /* Extensions */ = {
			isa = PBXGroup;
			children = (
				CE5DDEF2290D4962007415FF /* Color+customColor.swift */,
			);
			path = Extensions;
			sourceTree = "<group>";
		};
		CE5DDEF4290D4985007415FF /* Preview Content */ = {
			isa = PBXGroup;
			children = (
				CE5DDEF5290D4985007415FF /* Preview Assets.xcassets */,
			);
			path = "Preview Content";
			sourceTree = "<group>";
		};
		CE5DDEF7290D4996007415FF /* Models */ = {
			isa = PBXGroup;
			children = (
				CE5DDEF8290D4996007415FF /* Departments.swift */,
				CE5DDEF9290D4996007415FF /* User.swift */,
				CE5DDEFA290D4996007415FF /* Drugs.swift */,
			);
			path = Models;
			sourceTree = "<group>";
		};
		CE5DDEFB290D4996007415FF /* WebApplicationDomain */ = {
			isa = PBXGroup;
			children = (
				CE5DDF00290D4996007415FF /* Views */,
				CE5DDEFC290D4996007415FF /* WebApplicationState.swift */,
				CE5DDEFD290D4996007415FF /* WebApplicationReducer.swift */,
				CE5DDEFE290D4996007415FF /* WebApplicationAction.swift */,
				CE5DDEFF290D4996007415FF /* WebApplicationEnvironment.swift */,
			);
			path = WebApplicationDomain;
			sourceTree = "<group>";
		};
		CE5DDF00290D4996007415FF /* Views */ = {
			isa = PBXGroup;
			children = (
				CE5DDF01290D4996007415FF /* SafariView.swift */,
				CE5DDF02290D4996007415FF /* WebApplicationDomainView.swift */,
			);
			path = Views;
			sourceTree = "<group>";
		};
		CEB5AD1D28CA0A2400579BAB /* Frameworks */ = {
			isa = PBXGroup;
			children = (
			);
			name = Frameworks;
			sourceTree = "<group>";
		};
		CEBC21CE28C4C92700C06630 = {
			isa = PBXGroup;
			children = (
				CEBC21D928C4C92700C06630 /* Pharmacy */,
				CEBC21D828C4C92700C06630 /* Products */,
				CEB5AD1D28CA0A2400579BAB /* Frameworks */,
			);
			sourceTree = "<group>";
		};
		CEBC21D828C4C92700C06630 /* Products */ = {
			isa = PBXGroup;
			children = (
				CEBC21D728C4C92700C06630 /* Pharmacy.app */,
			);
			name = Products;
			sourceTree = "<group>";
		};
		CEBC21D928C4C92700C06630 /* Pharmacy */ = {
			isa = PBXGroup;
			children = (
				071ABF2028CD39E400E769E8 /* Services */,
				CE5DDECD290D4925007415FF /* AuthDomain */,
				CE5DDED9290D4938007415FF /* DrugDomain */,
				071ABF0728CD1C4800E769E8 /* Info.plist */,
				CE5DDEC1290D48DD007415FF /* DashboardDomain */,
				CE5DDEE5290D4947007415FF /* StorageDomain */,
				CE5DDEF1290D4962007415FF /* Extensions */,
				CE5DDEF4290D4985007415FF /* Preview Content */,
				CE5DDEF7290D4996007415FF /* Models */,
				CE5DDEFB290D4996007415FF /* WebApplicationDomain */,
				CEBC21DA28C4C92700C06630 /* PharmacyApp.swift */,
				CE5DDF11290D4A04007415FF /* GoogleService-Info_TEST.plist */,
				CE5DDF13290D4A0E007415FF /* GoogleService-Info-PROD.plist */,
				CEBC21F428C9D1AC00C06630 /* AppDelegate.swift */,
				CE5DDF10290D49DF007415FF /* Assets.xcassets */,
			);
			path = Pharmacy;
			sourceTree = "<group>";
		};
/* End PBXGroup section */

/* Begin PBXNativeTarget section */
		CEBC21D628C4C92700C06630 /* Pharmacy */ = {
			isa = PBXNativeTarget;
			buildConfigurationList = CEBC21E528C4C92900C06630 /* Build configuration list for PBXNativeTarget "Pharmacy" */;
			buildPhases = (
				CEBC21D328C4C92700C06630 /* Sources */,
				CEBC21D428C4C92700C06630 /* Frameworks */,
				CEBC21D528C4C92700C06630 /* Resources */,
			);
			buildRules = (
			);
			dependencies = (
			);
			name = Pharmacy;
			packageProductDependencies = (
				CEB5AD1E28CA0A2400579BAB /* ComposableArchitecture */,
				CEB5AD2328CA0CB700579BAB /* FirebaseAnalytics */,
				CEB5AD2528CA0CB700579BAB /* FirebaseDatabase */,
				CEB5AD2728CA0CB700579BAB /* FirebaseStorage */,
				CEB5AD2C28CA100700579BAB /* FirebaseFirestore */,
				CEB5AD2E28CA100700579BAB /* FirebaseFirestoreCombine-Community */,
				071ABF2328CD3BDD00E769E8 /* FirebaseAuth */,
			);
			productName = Pharmacy;
			productReference = CEBC21D728C4C92700C06630 /* Pharmacy.app */;
			productType = "com.apple.product-type.application";
		};
/* End PBXNativeTarget section */

/* Begin PBXProject section */
		CEBC21CF28C4C92700C06630 /* Project object */ = {
			isa = PBXProject;
			attributes = {
				BuildIndependentTargetsInParallel = 1;
				LastSwiftUpdateCheck = 1340;
				LastUpgradeCheck = 1340;
				TargetAttributes = {
					CEBC21D628C4C92700C06630 = {
						CreatedOnToolsVersion = 13.4.1;
					};
				};
			};
			buildConfigurationList = CEBC21D228C4C92700C06630 /* Build configuration list for PBXProject "Pharmacy" */;
			compatibilityVersion = "Xcode 13.0";
			developmentRegion = en;
			hasScannedForEncodings = 0;
			knownRegions = (
				en,
				Base,
			);
			mainGroup = CEBC21CE28C4C92700C06630;
			packageReferences = (
				0715541D28C677CB00E8877B /* XCRemoteSwiftPackageReference "swift-composable-architecture" */,
				CEB5AD2228CA0CB700579BAB /* XCRemoteSwiftPackageReference "firebase-ios-sdk" */,
				CEB5AD2B28CA100700579BAB /* XCRemoteSwiftPackageReference "firebase-ios-sdk" */,
			);
			productRefGroup = CEBC21D828C4C92700C06630 /* Products */;
			projectDirPath = "";
			projectRoot = "";
			targets = (
				CEBC21D628C4C92700C06630 /* Pharmacy */,
			);
		};
/* End PBXProject section */

/* Begin PBXResourcesBuildPhase section */
		CEBC21D528C4C92700C06630 /* Resources */ = {
			isa = PBXResourcesBuildPhase;
			buildActionMask = 2147483647;
			files = (
				CE5DDF19290D4A72007415FF /* Assets.xcassets in Resources */,
				CE5DDF14290D4A0E007415FF /* GoogleService-Info-PROD.plist in Resources */,
				CE5DDEF6290D4985007415FF /* Preview Assets.xcassets in Resources */,
				CE5DDF12290D4A04007415FF /* GoogleService-Info_TEST.plist in Resources */,
			);
			runOnlyForDeploymentPostprocessing = 0;
		};
/* End PBXResourcesBuildPhase section */

/* Begin PBXSourcesBuildPhase section */
		CEBC21D328C4C92700C06630 /* Sources */ = {
			isa = PBXSourcesBuildPhase;
			buildActionMask = 2147483647;
			files = (
				CEBC21F528C9D1AC00C06630 /* AppDelegate.swift in Sources */,
				CE5DDF0B290D4996007415FF /* WebApplicationDomainView.swift in Sources */,
				CE5DDEE0290D4938007415FF /* DrugReducer.swift in Sources */,
				CE5DDEE1290D4938007415FF /* DrugEnvironment.swift in Sources */,
				CE5DDEEE290D4947007415FF /* StorageState.swift in Sources */,
				CEBC21DB28C4C92700C06630 /* PharmacyApp.swift in Sources */,
				CE5DDF05290D4996007415FF /* Drugs.swift in Sources */,
				CE5DDF09290D4996007415FF /* WebApplicationEnvironment.swift in Sources */,
				CE5DDECB290D48DD007415FF /* DashboardAction.swift in Sources */,
				CE5DDED5290D4925007415FF /* AuthReducer.swift in Sources */,
				CE5DDEF0290D4947007415FF /* StorageDomainView.swift in Sources */,
				CE5DDEC0290D4888007415FF /* APIManager.swift in Sources */,
				CE5DDEE4290D4938007415FF /* DrugAction.swift in Sources */,
				CE5DDEC9290D48DD007415FF /* DashboardEnvironment.swift in Sources */,
				CE5DDF06290D4996007415FF /* WebApplicationState.swift in Sources */,
				CE5DDF08290D4996007415FF /* WebApplicationAction.swift in Sources */,
				CE5DDEE3290D4938007415FF /* DrugDomainView.swift in Sources */,
				CE5DDEC8290D48DD007415FF /* DashboardState.swift in Sources */,
				CE5DDECC290D48DD007415FF /* DashboardViewDomain.swift in Sources */,
				CE5DDED6290D4925007415FF /* AuthAction.swift in Sources */,
				CE5DDEED290D4947007415FF /* StorageEnvironment.swift in Sources */,
				CE5DDEE2290D4938007415FF /* DrugState.swift in Sources */,
				CE5DDEBF290D4888007415FF /* AuthService.swift in Sources */,
				CE5DDED4290D4925007415FF /* AuthState.swift in Sources */,
				CE5DDEEC290D4947007415FF /* StorageReducer.swift in Sources */,
				CE5DDF03290D4996007415FF /* Departments.swift in Sources */,
				CE5DDED8290D4925007415FF /* AuthEnvironment.swift in Sources */,
				CE5DDF0A290D4996007415FF /* SafariView.swift in Sources */,
				CE5DDECA290D48DD007415FF /* DashboardReducer.swift in Sources */,
				CE5DDF07290D4996007415FF /* WebApplicationReducer.swift in Sources */,
				CE5DDEF3290D4962007415FF /* Color+customColor.swift in Sources */,
				CE5DDF04290D4996007415FF /* User.swift in Sources */,
				CE5DDED7290D4925007415FF /* AuthDomainView.swift in Sources */,
				CE5DDEEF290D4947007415FF /* StorageAction.swift in Sources */,
			);
			runOnlyForDeploymentPostprocessing = 0;
		};
/* End PBXSourcesBuildPhase section */

/* Begin XCBuildConfiguration section */
		CEBC21E328C4C92900C06630 /* Debug */ = {
			isa = XCBuildConfiguration;
			buildSettings = {
				ALWAYS_SEARCH_USER_PATHS = NO;
				CLANG_ANALYZER_NONNULL = YES;
				CLANG_ANALYZER_NUMBER_OBJECT_CONVERSION = YES_AGGRESSIVE;
				CLANG_CXX_LANGUAGE_STANDARD = "gnu++17";
				CLANG_ENABLE_MODULES = YES;
				CLANG_ENABLE_OBJC_ARC = YES;
				CLANG_ENABLE_OBJC_WEAK = YES;
				CLANG_WARN_BLOCK_CAPTURE_AUTORELEASING = YES;
				CLANG_WARN_BOOL_CONVERSION = YES;
				CLANG_WARN_COMMA = YES;
				CLANG_WARN_CONSTANT_CONVERSION = YES;
				CLANG_WARN_DEPRECATED_OBJC_IMPLEMENTATIONS = YES;
				CLANG_WARN_DIRECT_OBJC_ISA_USAGE = YES_ERROR;
				CLANG_WARN_DOCUMENTATION_COMMENTS = YES;
				CLANG_WARN_EMPTY_BODY = YES;
				CLANG_WARN_ENUM_CONVERSION = YES;
				CLANG_WARN_INFINITE_RECURSION = YES;
				CLANG_WARN_INT_CONVERSION = YES;
				CLANG_WARN_NON_LITERAL_NULL_CONVERSION = YES;
				CLANG_WARN_OBJC_IMPLICIT_RETAIN_SELF = YES;
				CLANG_WARN_OBJC_LITERAL_CONVERSION = YES;
				CLANG_WARN_OBJC_ROOT_CLASS = YES_ERROR;
				CLANG_WARN_QUOTED_INCLUDE_IN_FRAMEWORK_HEADER = YES;
				CLANG_WARN_RANGE_LOOP_ANALYSIS = YES;
				CLANG_WARN_STRICT_PROTOTYPES = YES;
				CLANG_WARN_SUSPICIOUS_MOVE = YES;
				CLANG_WARN_UNGUARDED_AVAILABILITY = YES_AGGRESSIVE;
				CLANG_WARN_UNREACHABLE_CODE = YES;
				CLANG_WARN__DUPLICATE_METHOD_MATCH = YES;
				COPY_PHASE_STRIP = NO;
				DEBUG_INFORMATION_FORMAT = dwarf;
				ENABLE_STRICT_OBJC_MSGSEND = YES;
				ENABLE_TESTABILITY = YES;
				GCC_C_LANGUAGE_STANDARD = gnu11;
				GCC_DYNAMIC_NO_PIC = NO;
				GCC_NO_COMMON_BLOCKS = YES;
				GCC_OPTIMIZATION_LEVEL = 0;
				GCC_PREPROCESSOR_DEFINITIONS = (
					"DEBUG=1",
					"$(inherited)",
				);
				GCC_WARN_64_TO_32_BIT_CONVERSION = YES;
				GCC_WARN_ABOUT_RETURN_TYPE = YES_ERROR;
				GCC_WARN_UNDECLARED_SELECTOR = YES;
				GCC_WARN_UNINITIALIZED_AUTOS = YES_AGGRESSIVE;
				GCC_WARN_UNUSED_FUNCTION = YES;
				GCC_WARN_UNUSED_VARIABLE = YES;
				IPHONEOS_DEPLOYMENT_TARGET = 15.5;
				MTL_ENABLE_DEBUG_INFO = INCLUDE_SOURCE;
				MTL_FAST_MATH = YES;
				ONLY_ACTIVE_ARCH = YES;
				SDKROOT = iphoneos;
				SWIFT_ACTIVE_COMPILATION_CONDITIONS = DEBUG;
				SWIFT_OPTIMIZATION_LEVEL = "-Onone";
			};
			name = Debug;
		};
		CEBC21E428C4C92900C06630 /* Release */ = {
			isa = XCBuildConfiguration;
			buildSettings = {
				ALWAYS_SEARCH_USER_PATHS = NO;
				CLANG_ANALYZER_NONNULL = YES;
				CLANG_ANALYZER_NUMBER_OBJECT_CONVERSION = YES_AGGRESSIVE;
				CLANG_CXX_LANGUAGE_STANDARD = "gnu++17";
				CLANG_ENABLE_MODULES = YES;
				CLANG_ENABLE_OBJC_ARC = YES;
				CLANG_ENABLE_OBJC_WEAK = YES;
				CLANG_WARN_BLOCK_CAPTURE_AUTORELEASING = YES;
				CLANG_WARN_BOOL_CONVERSION = YES;
				CLANG_WARN_COMMA = YES;
				CLANG_WARN_CONSTANT_CONVERSION = YES;
				CLANG_WARN_DEPRECATED_OBJC_IMPLEMENTATIONS = YES;
				CLANG_WARN_DIRECT_OBJC_ISA_USAGE = YES_ERROR;
				CLANG_WARN_DOCUMENTATION_COMMENTS = YES;
				CLANG_WARN_EMPTY_BODY = YES;
				CLANG_WARN_ENUM_CONVERSION = YES;
				CLANG_WARN_INFINITE_RECURSION = YES;
				CLANG_WARN_INT_CONVERSION = YES;
				CLANG_WARN_NON_LITERAL_NULL_CONVERSION = YES;
				CLANG_WARN_OBJC_IMPLICIT_RETAIN_SELF = YES;
				CLANG_WARN_OBJC_LITERAL_CONVERSION = YES;
				CLANG_WARN_OBJC_ROOT_CLASS = YES_ERROR;
				CLANG_WARN_QUOTED_INCLUDE_IN_FRAMEWORK_HEADER = YES;
				CLANG_WARN_RANGE_LOOP_ANALYSIS = YES;
				CLANG_WARN_STRICT_PROTOTYPES = YES;
				CLANG_WARN_SUSPICIOUS_MOVE = YES;
				CLANG_WARN_UNGUARDED_AVAILABILITY = YES_AGGRESSIVE;
				CLANG_WARN_UNREACHABLE_CODE = YES;
				CLANG_WARN__DUPLICATE_METHOD_MATCH = YES;
				COPY_PHASE_STRIP = NO;
				DEBUG_INFORMATION_FORMAT = "dwarf-with-dsym";
				ENABLE_NS_ASSERTIONS = NO;
				ENABLE_STRICT_OBJC_MSGSEND = YES;
				GCC_C_LANGUAGE_STANDARD = gnu11;
				GCC_NO_COMMON_BLOCKS = YES;
				GCC_WARN_64_TO_32_BIT_CONVERSION = YES;
				GCC_WARN_ABOUT_RETURN_TYPE = YES_ERROR;
				GCC_WARN_UNDECLARED_SELECTOR = YES;
				GCC_WARN_UNINITIALIZED_AUTOS = YES_AGGRESSIVE;
				GCC_WARN_UNUSED_FUNCTION = YES;
				GCC_WARN_UNUSED_VARIABLE = YES;
				IPHONEOS_DEPLOYMENT_TARGET = 15.5;
				MTL_ENABLE_DEBUG_INFO = NO;
				MTL_FAST_MATH = YES;
				SDKROOT = iphoneos;
				SWIFT_COMPILATION_MODE = wholemodule;
				SWIFT_OPTIMIZATION_LEVEL = "-O";
				VALIDATE_PRODUCT = YES;
			};
			name = Release;
		};
		CEBC21E628C4C92900C06630 /* Debug */ = {
			isa = XCBuildConfiguration;
			buildSettings = {
				ASSETCATALOG_COMPILER_APPICON_NAME = AppIcon;
				ASSETCATALOG_COMPILER_GLOBAL_ACCENT_COLOR_NAME = AccentColor;
				CODE_SIGN_STYLE = Automatic;
				CURRENT_PROJECT_VERSION = 1;
				DEVELOPMENT_ASSET_PATHS = "\"Pharmacy/Preview Content\"";
				DEVELOPMENT_TEAM = 67QY3Y2G3B;
				ENABLE_PREVIEWS = YES;
				GENERATE_INFOPLIST_FILE = YES;
				INFOPLIST_FILE = Pharmacy/Info.plist;
				INFOPLIST_KEY_UIApplicationSceneManifest_Generation = YES;
				INFOPLIST_KEY_UIApplicationSupportsIndirectInputEvents = YES;
				INFOPLIST_KEY_UILaunchScreen_Generation = YES;
				INFOPLIST_KEY_UISupportedInterfaceOrientations = "UIInterfaceOrientationLandscapeLeft UIInterfaceOrientationLandscapeRight";
				INFOPLIST_KEY_UISupportedInterfaceOrientations_iPad = "UIInterfaceOrientationPortrait UIInterfaceOrientationPortraitUpsideDown UIInterfaceOrientationLandscapeLeft UIInterfaceOrientationLandscapeRight";
				INFOPLIST_KEY_UISupportedInterfaceOrientations_iPhone = "UIInterfaceOrientationPortrait UIInterfaceOrientationLandscapeLeft UIInterfaceOrientationLandscapeRight";
				LD_RUNPATH_SEARCH_PATHS = (
					"$(inherited)",
					"@executable_path/Frameworks",
				);
				MARKETING_VERSION = 1.0;
				PRODUCT_BUNDLE_IDENTIFIER = Maria.Pharmacy;
				PRODUCT_NAME = "$(TARGET_NAME)";
				SWIFT_EMIT_LOC_STRINGS = YES;
				SWIFT_VERSION = 5.0;
				TARGETED_DEVICE_FAMILY = "1,2";
			};
			name = Debug;
		};
		CEBC21E728C4C92900C06630 /* Release */ = {
			isa = XCBuildConfiguration;
			buildSettings = {
				ASSETCATALOG_COMPILER_APPICON_NAME = AppIcon;
				ASSETCATALOG_COMPILER_GLOBAL_ACCENT_COLOR_NAME = AccentColor;
				CODE_SIGN_STYLE = Automatic;
				CURRENT_PROJECT_VERSION = 1;
				DEVELOPMENT_ASSET_PATHS = "\"Pharmacy/Preview Content\"";
				DEVELOPMENT_TEAM = 67QY3Y2G3B;
				ENABLE_PREVIEWS = YES;
				GENERATE_INFOPLIST_FILE = YES;
				INFOPLIST_FILE = Pharmacy/Info.plist;
				INFOPLIST_KEY_UIApplicationSceneManifest_Generation = YES;
				INFOPLIST_KEY_UIApplicationSupportsIndirectInputEvents = YES;
				INFOPLIST_KEY_UILaunchScreen_Generation = YES;
				INFOPLIST_KEY_UISupportedInterfaceOrientations = "UIInterfaceOrientationLandscapeLeft UIInterfaceOrientationLandscapeRight";
				INFOPLIST_KEY_UISupportedInterfaceOrientations_iPad = "UIInterfaceOrientationPortrait UIInterfaceOrientationPortraitUpsideDown UIInterfaceOrientationLandscapeLeft UIInterfaceOrientationLandscapeRight";
				INFOPLIST_KEY_UISupportedInterfaceOrientations_iPhone = "UIInterfaceOrientationPortrait UIInterfaceOrientationLandscapeLeft UIInterfaceOrientationLandscapeRight";
				LD_RUNPATH_SEARCH_PATHS = (
					"$(inherited)",
					"@executable_path/Frameworks",
				);
				MARKETING_VERSION = 1.0;
				PRODUCT_BUNDLE_IDENTIFIER = Maria.Pharmacy;
				PRODUCT_NAME = "$(TARGET_NAME)";
				SWIFT_EMIT_LOC_STRINGS = YES;
				SWIFT_VERSION = 5.0;
				TARGETED_DEVICE_FAMILY = "1,2";
			};
			name = Release;
		};
/* End XCBuildConfiguration section */

/* Begin XCConfigurationList section */
		CEBC21D228C4C92700C06630 /* Build configuration list for PBXProject "Pharmacy" */ = {
			isa = XCConfigurationList;
			buildConfigurations = (
				CEBC21E328C4C92900C06630 /* Debug */,
				CEBC21E428C4C92900C06630 /* Release */,
			);
			defaultConfigurationIsVisible = 0;
			defaultConfigurationName = Release;
		};
		CEBC21E528C4C92900C06630 /* Build configuration list for PBXNativeTarget "Pharmacy" */ = {
			isa = XCConfigurationList;
			buildConfigurations = (
				CEBC21E628C4C92900C06630 /* Debug */,
				CEBC21E728C4C92900C06630 /* Release */,
			);
			defaultConfigurationIsVisible = 0;
			defaultConfigurationName = Release;
		};
/* End XCConfigurationList section */

/* Begin XCRemoteSwiftPackageReference section */
		0715541D28C677CB00E8877B /* XCRemoteSwiftPackageReference "swift-composable-architecture" */ = {
			isa = XCRemoteSwiftPackageReference;
			repositoryURL = "https://github.com/pointfreeco/swift-composable-architecture";
			requirement = {
				kind = upToNextMajorVersion;
				minimumVersion = 0.9.0;
			};
		};
		CEB5AD2228CA0CB700579BAB /* XCRemoteSwiftPackageReference "firebase-ios-sdk" */ = {
			isa = XCRemoteSwiftPackageReference;
			repositoryURL = "https://github.com/firebase/firebase-ios-sdk";
			requirement = {
				kind = upToNextMajorVersion;
				minimumVersion = 9.0.0;
			};
		};
		CEB5AD2B28CA100700579BAB /* XCRemoteSwiftPackageReference "firebase-ios-sdk" */ = {
			isa = XCRemoteSwiftPackageReference;
			repositoryURL = "https://github.com/firebase/firebase-ios-sdk";
			requirement = {
				kind = upToNextMajorVersion;
				minimumVersion = 9.0.0;
			};
		};
/* End XCRemoteSwiftPackageReference section */

/* Begin XCSwiftPackageProductDependency section */
		071ABF2328CD3BDD00E769E8 /* FirebaseAuth */ = {
			isa = XCSwiftPackageProductDependency;
			package = CEB5AD2228CA0CB700579BAB /* XCRemoteSwiftPackageReference "firebase-ios-sdk" */;
			productName = FirebaseAuth;
		};
		CEB5AD1E28CA0A2400579BAB /* ComposableArchitecture */ = {
			isa = XCSwiftPackageProductDependency;
			package = 0715541D28C677CB00E8877B /* XCRemoteSwiftPackageReference "swift-composable-architecture" */;
			productName = ComposableArchitecture;
		};
		CEB5AD2328CA0CB700579BAB /* FirebaseAnalytics */ = {
			isa = XCSwiftPackageProductDependency;
			package = CEB5AD2228CA0CB700579BAB /* XCRemoteSwiftPackageReference "firebase-ios-sdk" */;
			productName = FirebaseAnalytics;
		};
		CEB5AD2528CA0CB700579BAB /* FirebaseDatabase */ = {
			isa = XCSwiftPackageProductDependency;
			package = CEB5AD2228CA0CB700579BAB /* XCRemoteSwiftPackageReference "firebase-ios-sdk" */;
			productName = FirebaseDatabase;
		};
		CEB5AD2728CA0CB700579BAB /* FirebaseStorage */ = {
			isa = XCSwiftPackageProductDependency;
			package = CEB5AD2228CA0CB700579BAB /* XCRemoteSwiftPackageReference "firebase-ios-sdk" */;
			productName = FirebaseStorage;
		};
		CEB5AD2C28CA100700579BAB /* FirebaseFirestore */ = {
			isa = XCSwiftPackageProductDependency;
			package = CEB5AD2228CA0CB700579BAB /* XCRemoteSwiftPackageReference "firebase-ios-sdk" */;
			productName = FirebaseFirestore;
		};
		CEB5AD2E28CA100700579BAB /* FirebaseFirestoreCombine-Community */ = {
			isa = XCSwiftPackageProductDependency;
			package = CEB5AD2228CA0CB700579BAB /* XCRemoteSwiftPackageReference "firebase-ios-sdk" */;
			productName = "FirebaseFirestoreCombine-Community";
		};
/* End XCSwiftPackageProductDependency section */
	};
	rootObject = CEBC21CF28C4C92700C06630 /* Project object */;
}
