// !$*UTF8*$!
{
	archiveVersion = 1;
	classes = {
	};
	objectVersion = 55;
	objects = {

/* Begin PBXBuildFile section */
		0715541F28C677CB00E8877B /* ComposableArchitecture in Frameworks */ = {isa = PBXBuildFile; productRef = 0715541E28C677CB00E8877B /* ComposableArchitecture */; };
		0715542328C6781B00E8877B /* DashboardViewDomain.swift in Sources */ = {isa = PBXBuildFile; fileRef = 0715542228C6781B00E8877B /* DashboardViewDomain.swift */; };
		0715542728C6785600E8877B /* StateDashboard.swift in Sources */ = {isa = PBXBuildFile; fileRef = 0715542628C6785600E8877B /* StateDashboard.swift */; };
		0715542928C6786E00E8877B /* ActionDashboard.swift in Sources */ = {isa = PBXBuildFile; fileRef = 0715542828C6786E00E8877B /* ActionDashboard.swift */; };
		0715542B28C6787900E8877B /* EnvironmentDashboard.swift in Sources */ = {isa = PBXBuildFile; fileRef = 0715542A28C6787900E8877B /* EnvironmentDashboard.swift */; };
		0715542D28C6788200E8877B /* ReducerDashboard.swift in Sources */ = {isa = PBXBuildFile; fileRef = 0715542C28C6788200E8877B /* ReducerDashboard.swift */; };
		CEBC21DB28C4C92700C06630 /* PharmacyApp.swift in Sources */ = {isa = PBXBuildFile; fileRef = CEBC21DA28C4C92700C06630 /* PharmacyApp.swift */; };
		CEBC21DF28C4C92900C06630 /* Assets.xcassets in Resources */ = {isa = PBXBuildFile; fileRef = CEBC21DE28C4C92900C06630 /* Assets.xcassets */; };
		CEBC21E228C4C92900C06630 /* Preview Assets.xcassets in Resources */ = {isa = PBXBuildFile; fileRef = CEBC21E128C4C92900C06630 /* Preview Assets.xcassets */; };
/* End PBXBuildFile section */

/* Begin PBXFileReference section */
		0715542228C6781B00E8877B /* DashboardViewDomain.swift */ = {isa = PBXFileReference; lastKnownFileType = sourcecode.swift; path = DashboardViewDomain.swift; sourceTree = "<group>"; };
		0715542628C6785600E8877B /* StateDashboard.swift */ = {isa = PBXFileReference; lastKnownFileType = sourcecode.swift; path = StateDashboard.swift; sourceTree = "<group>"; };
		0715542828C6786E00E8877B /* ActionDashboard.swift */ = {isa = PBXFileReference; lastKnownFileType = sourcecode.swift; path = ActionDashboard.swift; sourceTree = "<group>"; };
		0715542A28C6787900E8877B /* EnvironmentDashboard.swift */ = {isa = PBXFileReference; lastKnownFileType = sourcecode.swift; path = EnvironmentDashboard.swift; sourceTree = "<group>"; };
		0715542C28C6788200E8877B /* ReducerDashboard.swift */ = {isa = PBXFileReference; lastKnownFileType = sourcecode.swift; path = ReducerDashboard.swift; sourceTree = "<group>"; };
		CEBC21D728C4C92700C06630 /* Pharmacy.app */ = {isa = PBXFileReference; explicitFileType = wrapper.application; includeInIndex = 0; path = Pharmacy.app; sourceTree = BUILT_PRODUCTS_DIR; };
		CEBC21DA28C4C92700C06630 /* PharmacyApp.swift */ = {isa = PBXFileReference; lastKnownFileType = sourcecode.swift; path = PharmacyApp.swift; sourceTree = "<group>"; };
		CEBC21DE28C4C92900C06630 /* Assets.xcassets */ = {isa = PBXFileReference; lastKnownFileType = folder.assetcatalog; path = Assets.xcassets; sourceTree = "<group>"; };
		CEBC21E128C4C92900C06630 /* Preview Assets.xcassets */ = {isa = PBXFileReference; lastKnownFileType = folder.assetcatalog; path = "Preview Assets.xcassets"; sourceTree = "<group>"; };
/* End PBXFileReference section */

/* Begin PBXFrameworksBuildPhase section */
		CEBC21D428C4C92700C06630 /* Frameworks */ = {
			isa = PBXFrameworksBuildPhase;
			buildActionMask = 2147483647;
			files = (
				0715541F28C677CB00E8877B /* ComposableArchitecture in Frameworks */,
			);
			runOnlyForDeploymentPostprocessing = 0;
		};
/* End PBXFrameworksBuildPhase section */

/* Begin PBXGroup section */
		0715542028C677DB00E8877B /* DashboardDomain */ = {
			isa = PBXGroup;
			children = (
				0715542428C6781F00E8877B /* Views */,
				0715542628C6785600E8877B /* StateDashboard.swift */,
				0715542828C6786E00E8877B /* ActionDashboard.swift */,
				0715542A28C6787900E8877B /* EnvironmentDashboard.swift */,
				0715542C28C6788200E8877B /* ReducerDashboard.swift */,
			);
			path = DashboardDomain;
			sourceTree = "<group>";
		};
		0715542428C6781F00E8877B /* Views */ = {
			isa = PBXGroup;
			children = (
				0715542228C6781B00E8877B /* DashboardViewDomain.swift */,
			);
			path = Views;
			sourceTree = "<group>";
		};
		CEBC21CE28C4C92700C06630 = {
			isa = PBXGroup;
			children = (
				CEBC21D928C4C92700C06630 /* Pharmacy */,
				CEBC21D828C4C92700C06630 /* Products */,
			);
			sourceTree = "<group>";
		};
		CEBC21D828C4C92700C06630 /* Products */ = {
			isa = PBXGroup;
			children = (
				CEBC21D728C4C92700C06630 /* Pharmacy.app */,
			);
			name = Products;
			sourceTree = "<group>";
		};
		CEBC21D928C4C92700C06630 /* Pharmacy */ = {
			isa = PBXGroup;
			children = (
				0715542028C677DB00E8877B /* DashboardDomain */,
				CEBC21DA28C4C92700C06630 /* PharmacyApp.swift */,
				CEBC21DE28C4C92900C06630 /* Assets.xcassets */,
				CEBC21E028C4C92900C06630 /* Preview Content */,
			);
			path = Pharmacy;
			sourceTree = "<group>";
		};
		CEBC21E028C4C92900C06630 /* Preview Content */ = {
			isa = PBXGroup;
			children = (
				CEBC21E128C4C92900C06630 /* Preview Assets.xcassets */,
			);
			path = "Preview Content";
			sourceTree = "<group>";
		};
/* End PBXGroup section */

/* Begin PBXNativeTarget section */
		CEBC21D628C4C92700C06630 /* Pharmacy */ = {
			isa = PBXNativeTarget;
			buildConfigurationList = CEBC21E528C4C92900C06630 /* Build configuration list for PBXNativeTarget "Pharmacy" */;
			buildPhases = (
				CEBC21D328C4C92700C06630 /* Sources */,
				CEBC21D428C4C92700C06630 /* Frameworks */,
				CEBC21D528C4C92700C06630 /* Resources */,
			);
			buildRules = (
			);
			dependencies = (
			);
			name = Pharmacy;
			packageProductDependencies = (
				0715541E28C677CB00E8877B /* ComposableArchitecture */,
			);
			productName = Pharmacy;
			productReference = CEBC21D728C4C92700C06630 /* Pharmacy.app */;
			productType = "com.apple.product-type.application";
		};
/* End PBXNativeTarget section */

/* Begin PBXProject section */
		CEBC21CF28C4C92700C06630 /* Project object */ = {
			isa = PBXProject;
			attributes = {
				BuildIndependentTargetsInParallel = 1;
				LastSwiftUpdateCheck = 1340;
				LastUpgradeCheck = 1340;
				TargetAttributes = {
					CEBC21D628C4C92700C06630 = {
						CreatedOnToolsVersion = 13.4.1;
					};
				};
			};
			buildConfigurationList = CEBC21D228C4C92700C06630 /* Build configuration list for PBXProject "Pharmacy" */;
			compatibilityVersion = "Xcode 13.0";
			developmentRegion = en;
			hasScannedForEncodings = 0;
			knownRegions = (
				en,
				Base,
			);
			mainGroup = CEBC21CE28C4C92700C06630;
			packageReferences = (
				0715541D28C677CB00E8877B /* XCRemoteSwiftPackageReference "swift-composable-architecture" */,
			);
			productRefGroup = CEBC21D828C4C92700C06630 /* Products */;
			projectDirPath = "";
			projectRoot = "";
			targets = (
				CEBC21D628C4C92700C06630 /* Pharmacy */,
			);
		};
/* End PBXProject section */

/* Begin PBXResourcesBuildPhase section */
		CEBC21D528C4C92700C06630 /* Resources */ = {
			isa = PBXResourcesBuildPhase;
			buildActionMask = 2147483647;
			files = (
				CEBC21E228C4C92900C06630 /* Preview Assets.xcassets in Resources */,
				CEBC21DF28C4C92900C06630 /* Assets.xcassets in Resources */,
			);
			runOnlyForDeploymentPostprocessing = 0;
		};
/* End PBXResourcesBuildPhase section */

/* Begin PBXSourcesBuildPhase section */
		CEBC21D328C4C92700C06630 /* Sources */ = {
			isa = PBXSourcesBuildPhase;
			buildActionMask = 2147483647;
			files = (
				CEBC21DB28C4C92700C06630 /* PharmacyApp.swift in Sources */,
				0715542B28C6787900E8877B /* EnvironmentDashboard.swift in Sources */,
				0715542328C6781B00E8877B /* DashboardViewDomain.swift in Sources */,
				0715542D28C6788200E8877B /* ReducerDashboard.swift in Sources */,
				0715542928C6786E00E8877B /* ActionDashboard.swift in Sources */,
				0715542728C6785600E8877B /* StateDashboard.swift in Sources */,
			);
			runOnlyForDeploymentPostprocessing = 0;
		};
/* End PBXSourcesBuildPhase section */

/* Begin XCBuildConfiguration section */
		CEBC21E328C4C92900C06630 /* Debug */ = {
			isa = XCBuildConfiguration;
			buildSettings = {
				ALWAYS_SEARCH_USER_PATHS = NO;
				CLANG_ANALYZER_NONNULL = YES;
				CLANG_ANALYZER_NUMBER_OBJECT_CONVERSION = YES_AGGRESSIVE;
				CLANG_CXX_LANGUAGE_STANDARD = "gnu++17";
				CLANG_ENABLE_MODULES = YES;
				CLANG_ENABLE_OBJC_ARC = YES;
				CLANG_ENABLE_OBJC_WEAK = YES;
				CLANG_WARN_BLOCK_CAPTURE_AUTORELEASING = YES;
				CLANG_WARN_BOOL_CONVERSION = YES;
				CLANG_WARN_COMMA = YES;
				CLANG_WARN_CONSTANT_CONVERSION = YES;
				CLANG_WARN_DEPRECATED_OBJC_IMPLEMENTATIONS = YES;
				CLANG_WARN_DIRECT_OBJC_ISA_USAGE = YES_ERROR;
				CLANG_WARN_DOCUMENTATION_COMMENTS = YES;
				CLANG_WARN_EMPTY_BODY = YES;
				CLANG_WARN_ENUM_CONVERSION = YES;
				CLANG_WARN_INFINITE_RECURSION = YES;
				CLANG_WARN_INT_CONVERSION = YES;
				CLANG_WARN_NON_LITERAL_NULL_CONVERSION = YES;
				CLANG_WARN_OBJC_IMPLICIT_RETAIN_SELF = YES;
				CLANG_WARN_OBJC_LITERAL_CONVERSION = YES;
				CLANG_WARN_OBJC_ROOT_CLASS = YES_ERROR;
				CLANG_WARN_QUOTED_INCLUDE_IN_FRAMEWORK_HEADER = YES;
				CLANG_WARN_RANGE_LOOP_ANALYSIS = YES;
				CLANG_WARN_STRICT_PROTOTYPES = YES;
				CLANG_WARN_SUSPICIOUS_MOVE = YES;
				CLANG_WARN_UNGUARDED_AVAILABILITY = YES_AGGRESSIVE;
				CLANG_WARN_UNREACHABLE_CODE = YES;
				CLANG_WARN__DUPLICATE_METHOD_MATCH = YES;
				COPY_PHASE_STRIP = NO;
				DEBUG_INFORMATION_FORMAT = dwarf;
				ENABLE_STRICT_OBJC_MSGSEND = YES;
				ENABLE_TESTABILITY = YES;
				GCC_C_LANGUAGE_STANDARD = gnu11;
				GCC_DYNAMIC_NO_PIC = NO;
				GCC_NO_COMMON_BLOCKS = YES;
				GCC_OPTIMIZATION_LEVEL = 0;
				GCC_PREPROCESSOR_DEFINITIONS = (
					"DEBUG=1",
					"$(inherited)",
				);
				GCC_WARN_64_TO_32_BIT_CONVERSION = YES;
				GCC_WARN_ABOUT_RETURN_TYPE = YES_ERROR;
				GCC_WARN_UNDECLARED_SELECTOR = YES;
				GCC_WARN_UNINITIALIZED_AUTOS = YES_AGGRESSIVE;
				GCC_WARN_UNUSED_FUNCTION = YES;
				GCC_WARN_UNUSED_VARIABLE = YES;
				IPHONEOS_DEPLOYMENT_TARGET = 15.5;
				MTL_ENABLE_DEBUG_INFO = INCLUDE_SOURCE;
				MTL_FAST_MATH = YES;
				ONLY_ACTIVE_ARCH = YES;
				SDKROOT = iphoneos;
				SWIFT_ACTIVE_COMPILATION_CONDITIONS = DEBUG;
				SWIFT_OPTIMIZATION_LEVEL = "-Onone";
			};
			name = Debug;
		};
		CEBC21E428C4C92900C06630 /* Release */ = {
			isa = XCBuildConfiguration;
			buildSettings = {
				ALWAYS_SEARCH_USER_PATHS = NO;
				CLANG_ANALYZER_NONNULL = YES;
				CLANG_ANALYZER_NUMBER_OBJECT_CONVERSION = YES_AGGRESSIVE;
				CLANG_CXX_LANGUAGE_STANDARD = "gnu++17";
				CLANG_ENABLE_MODULES = YES;
				CLANG_ENABLE_OBJC_ARC = YES;
				CLANG_ENABLE_OBJC_WEAK = YES;
				CLANG_WARN_BLOCK_CAPTURE_AUTORELEASING = YES;
				CLANG_WARN_BOOL_CONVERSION = YES;
				CLANG_WARN_COMMA = YES;
				CLANG_WARN_CONSTANT_CONVERSION = YES;
				CLANG_WARN_DEPRECATED_OBJC_IMPLEMENTATIONS = YES;
				CLANG_WARN_DIRECT_OBJC_ISA_USAGE = YES_ERROR;
				CLANG_WARN_DOCUMENTATION_COMMENTS = YES;
				CLANG_WARN_EMPTY_BODY = YES;
				CLANG_WARN_ENUM_CONVERSION = YES;
				CLANG_WARN_INFINITE_RECURSION = YES;
				CLANG_WARN_INT_CONVERSION = YES;
				CLANG_WARN_NON_LITERAL_NULL_CONVERSION = YES;
				CLANG_WARN_OBJC_IMPLICIT_RETAIN_SELF = YES;
				CLANG_WARN_OBJC_LITERAL_CONVERSION = YES;
				CLANG_WARN_OBJC_ROOT_CLASS = YES_ERROR;
				CLANG_WARN_QUOTED_INCLUDE_IN_FRAMEWORK_HEADER = YES;
				CLANG_WARN_RANGE_LOOP_ANALYSIS = YES;
				CLANG_WARN_STRICT_PROTOTYPES = YES;
				CLANG_WARN_SUSPICIOUS_MOVE = YES;
				CLANG_WARN_UNGUARDED_AVAILABILITY = YES_AGGRESSIVE;
				CLANG_WARN_UNREACHABLE_CODE = YES;
				CLANG_WARN__DUPLICATE_METHOD_MATCH = YES;
				COPY_PHASE_STRIP = NO;
				DEBUG_INFORMATION_FORMAT = "dwarf-with-dsym";
				ENABLE_NS_ASSERTIONS = NO;
				ENABLE_STRICT_OBJC_MSGSEND = YES;
				GCC_C_LANGUAGE_STANDARD = gnu11;
				GCC_NO_COMMON_BLOCKS = YES;
				GCC_WARN_64_TO_32_BIT_CONVERSION = YES;
				GCC_WARN_ABOUT_RETURN_TYPE = YES_ERROR;
				GCC_WARN_UNDECLARED_SELECTOR = YES;
				GCC_WARN_UNINITIALIZED_AUTOS = YES_AGGRESSIVE;
				GCC_WARN_UNUSED_FUNCTION = YES;
				GCC_WARN_UNUSED_VARIABLE = YES;
				IPHONEOS_DEPLOYMENT_TARGET = 15.5;
				MTL_ENABLE_DEBUG_INFO = NO;
				MTL_FAST_MATH = YES;
				SDKROOT = iphoneos;
				SWIFT_COMPILATION_MODE = wholemodule;
				SWIFT_OPTIMIZATION_LEVEL = "-O";
				VALIDATE_PRODUCT = YES;
			};
			name = Release;
		};
		CEBC21E628C4C92900C06630 /* Debug */ = {
			isa = XCBuildConfiguration;
			buildSettings = {
				ASSETCATALOG_COMPILER_APPICON_NAME = AppIcon;
				ASSETCATALOG_COMPILER_GLOBAL_ACCENT_COLOR_NAME = AccentColor;
				CODE_SIGN_STYLE = Automatic;
				CURRENT_PROJECT_VERSION = 1;
				DEVELOPMENT_ASSET_PATHS = "\"Pharmacy/Preview Content\"";
				DEVELOPMENT_TEAM = 67QY3Y2G3B;
				ENABLE_PREVIEWS = YES;
				GENERATE_INFOPLIST_FILE = YES;
				INFOPLIST_KEY_UIApplicationSceneManifest_Generation = YES;
				INFOPLIST_KEY_UIApplicationSupportsIndirectInputEvents = YES;
				INFOPLIST_KEY_UILaunchScreen_Generation = YES;
				INFOPLIST_KEY_UISupportedInterfaceOrientations = "UIInterfaceOrientationLandscapeLeft UIInterfaceOrientationLandscapeRight";
				INFOPLIST_KEY_UISupportedInterfaceOrientations_iPad = "UIInterfaceOrientationPortrait UIInterfaceOrientationPortraitUpsideDown UIInterfaceOrientationLandscapeLeft UIInterfaceOrientationLandscapeRight";
				INFOPLIST_KEY_UISupportedInterfaceOrientations_iPhone = "UIInterfaceOrientationPortrait UIInterfaceOrientationLandscapeLeft UIInterfaceOrientationLandscapeRight";
				LD_RUNPATH_SEARCH_PATHS = (
					"$(inherited)",
					"@executable_path/Frameworks",
				);
				MARKETING_VERSION = 1.0;
				PRODUCT_BUNDLE_IDENTIFIER = Maria.Pharmacy;
				PRODUCT_NAME = "$(TARGET_NAME)";
				SWIFT_EMIT_LOC_STRINGS = YES;
				SWIFT_VERSION = 5.0;
				TARGETED_DEVICE_FAMILY = "1,2";
			};
			name = Debug;
		};
		CEBC21E728C4C92900C06630 /* Release */ = {
			isa = XCBuildConfiguration;
			buildSettings = {
				ASSETCATALOG_COMPILER_APPICON_NAME = AppIcon;
				ASSETCATALOG_COMPILER_GLOBAL_ACCENT_COLOR_NAME = AccentColor;
				CODE_SIGN_STYLE = Automatic;
				CURRENT_PROJECT_VERSION = 1;
				DEVELOPMENT_ASSET_PATHS = "\"Pharmacy/Preview Content\"";
				DEVELOPMENT_TEAM = 67QY3Y2G3B;
				ENABLE_PREVIEWS = YES;
				GENERATE_INFOPLIST_FILE = YES;
				INFOPLIST_KEY_UIApplicationSceneManifest_Generation = YES;
				INFOPLIST_KEY_UIApplicationSupportsIndirectInputEvents = YES;
				INFOPLIST_KEY_UILaunchScreen_Generation = YES;
				INFOPLIST_KEY_UISupportedInterfaceOrientations = "UIInterfaceOrientationLandscapeLeft UIInterfaceOrientationLandscapeRight";
				INFOPLIST_KEY_UISupportedInterfaceOrientations_iPad = "UIInterfaceOrientationPortrait UIInterfaceOrientationPortraitUpsideDown UIInterfaceOrientationLandscapeLeft UIInterfaceOrientationLandscapeRight";
				INFOPLIST_KEY_UISupportedInterfaceOrientations_iPhone = "UIInterfaceOrientationPortrait UIInterfaceOrientationLandscapeLeft UIInterfaceOrientationLandscapeRight";
				LD_RUNPATH_SEARCH_PATHS = (
					"$(inherited)",
					"@executable_path/Frameworks",
				);
				MARKETING_VERSION = 1.0;
				PRODUCT_BUNDLE_IDENTIFIER = Maria.Pharmacy;
				PRODUCT_NAME = "$(TARGET_NAME)";
				SWIFT_EMIT_LOC_STRINGS = YES;
				SWIFT_VERSION = 5.0;
				TARGETED_DEVICE_FAMILY = "1,2";
			};
			name = Release;
		};
/* End XCBuildConfiguration section */

/* Begin XCConfigurationList section */
		CEBC21D228C4C92700C06630 /* Build configuration list for PBXProject "Pharmacy" */ = {
			isa = XCConfigurationList;
			buildConfigurations = (
				CEBC21E328C4C92900C06630 /* Debug */,
				CEBC21E428C4C92900C06630 /* Release */,
			);
			defaultConfigurationIsVisible = 0;
			defaultConfigurationName = Release;
		};
		CEBC21E528C4C92900C06630 /* Build configuration list for PBXNativeTarget "Pharmacy" */ = {
			isa = XCConfigurationList;
			buildConfigurations = (
				CEBC21E628C4C92900C06630 /* Debug */,
				CEBC21E728C4C92900C06630 /* Release */,
			);
			defaultConfigurationIsVisible = 0;
			defaultConfigurationName = Release;
		};
/* End XCConfigurationList section */

/* Begin XCRemoteSwiftPackageReference section */
		0715541D28C677CB00E8877B /* XCRemoteSwiftPackageReference "swift-composable-architecture" */ = {
			isa = XCRemoteSwiftPackageReference;
			repositoryURL = "https://github.com/pointfreeco/swift-composable-architecture";
			requirement = {
				kind = upToNextMajorVersion;
				minimumVersion = 0.9.0;
			};
		};
/* End XCRemoteSwiftPackageReference section */

/* Begin XCSwiftPackageProductDependency section */
		0715541E28C677CB00E8877B /* ComposableArchitecture */ = {
			isa = XCSwiftPackageProductDependency;
			package = 0715541D28C677CB00E8877B /* XCRemoteSwiftPackageReference "swift-composable-architecture" */;
			productName = ComposableArchitecture;
		};
/* End XCSwiftPackageProductDependency section */
	};
	rootObject = CEBC21CF28C4C92700C06630 /* Project object */;
}
